// !$*UTF8*$!
{
	archiveVersion = 1;
	classes = {
	};
	objectVersion = 55;
	objects = {

/* Begin PBXBuildFile section */
		80372AFA281B60E7005031C7 /* stb_image.cpp in Sources */ = {isa = PBXBuildFile; fileRef = 80372AF9281B60E7005031C7 /* stb_image.cpp */; };
		80372B02281B6152005031C7 /* Texture.cpp in Sources */ = {isa = PBXBuildFile; fileRef = 80372B00281B6152005031C7 /* Texture.cpp */; };
		803AFF3F281068F7005C6FA6 /* EntryPoint.cpp in Sources */ = {isa = PBXBuildFile; fileRef = 803AFF3E281068F7005C6FA6 /* EntryPoint.cpp */; };
		807521F728106D6800C0AD39 /* OpenGL.framework in Frameworks */ = {isa = PBXBuildFile; fileRef = 807521F628106D6800C0AD39 /* OpenGL.framework */; };
		807521F928106D8600C0AD39 /* Cocoa.framework in Frameworks */ = {isa = PBXBuildFile; fileRef = 807521F828106D8600C0AD39 /* Cocoa.framework */; };
		807521FB28106D8D00C0AD39 /* IOKit.framework in Frameworks */ = {isa = PBXBuildFile; fileRef = 807521FA28106D8D00C0AD39 /* IOKit.framework */; };
		807521FF28106DB300C0AD39 /* libImGui.a in Frameworks */ = {isa = PBXBuildFile; fileRef = 807521FC28106DB300C0AD39 /* libImGui.a */; };
		8075220028106DB300C0AD39 /* libGlad.a in Frameworks */ = {isa = PBXBuildFile; fileRef = 807521FD28106DB300C0AD39 /* libGlad.a */; };
		8075220128106DB300C0AD39 /* libGLFW.a in Frameworks */ = {isa = PBXBuildFile; fileRef = 807521FE28106DB300C0AD39 /* libGLFW.a */; };
		8075220428108FCF00C0AD39 /* Application.cpp in Sources */ = {isa = PBXBuildFile; fileRef = 8075220228108FCF00C0AD39 /* Application.cpp */; };
		80752208281095A400C0AD39 /* ImGuiBuild.cpp in Sources */ = {isa = PBXBuildFile; fileRef = 80752207281095A400C0AD39 /* ImGuiBuild.cpp */; };
		8075220A28109CA700C0AD39 /* EditorApplication.cpp in Sources */ = {isa = PBXBuildFile; fileRef = 8075220928109CA700C0AD39 /* EditorApplication.cpp */; };
		8075221D2810ADCB00C0AD39 /* Input.cpp in Sources */ = {isa = PBXBuildFile; fileRef = 8075221C2810ADCB00C0AD39 /* Input.cpp */; };
		8075223E2810B52900C0AD39 /* Framebuffer.cpp in Sources */ = {isa = PBXBuildFile; fileRef = 8075223C2810B52900C0AD39 /* Framebuffer.cpp */; };
		8075224A2811730B00C0AD39 /* RenderCommand.cpp in Sources */ = {isa = PBXBuildFile; fileRef = 807522482811730B00C0AD39 /* RenderCommand.cpp */; };
		8075224E2811764D00C0AD39 /* Shader.cpp in Sources */ = {isa = PBXBuildFile; fileRef = 8075224C2811764D00C0AD39 /* Shader.cpp */; };
		8075225428117AA500C0AD39 /* Utils.cpp in Sources */ = {isa = PBXBuildFile; fileRef = 8075225228117AA500C0AD39 /* Utils.cpp */; };
		8075225728117C6B00C0AD39 /* Buffer.cpp in Sources */ = {isa = PBXBuildFile; fileRef = 8075225528117C6B00C0AD39 /* Buffer.cpp */; };
		8075225A28117F0900C0AD39 /* VertexArray.cpp in Sources */ = {isa = PBXBuildFile; fileRef = 8075225828117F0900C0AD39 /* VertexArray.cpp */; };
		8075225E2811834700C0AD39 /* Renderer.cpp in Sources */ = {isa = PBXBuildFile; fileRef = 8075225C2811834700C0AD39 /* Renderer.cpp */; };
		809B4720281DDAA80083DBD2 /* Context.cpp in Sources */ = {isa = PBXBuildFile; fileRef = 809B471E281DDAA80083DBD2 /* Context.cpp */; };
		809B4726281DDE610083DBD2 /* ViewportPanel.cpp in Sources */ = {isa = PBXBuildFile; fileRef = 809B4724281DDE610083DBD2 /* ViewportPanel.cpp */; };
		809B4729281DEBCF0083DBD2 /* ImGuiHelper.cpp in Sources */ = {isa = PBXBuildFile; fileRef = 809B4727281DEBCF0083DBD2 /* ImGuiHelper.cpp */; };
		809B472C281DECC70083DBD2 /* InspectorPanel.cpp in Sources */ = {isa = PBXBuildFile; fileRef = 809B472A281DECC60083DBD2 /* InspectorPanel.cpp */; };
		809B4730281DEF980083DBD2 /* UniformBufferContainer.cpp in Sources */ = {isa = PBXBuildFile; fileRef = 809B472E281DEF980083DBD2 /* UniformBufferContainer.cpp */; };
		809B4733281DFB670083DBD2 /* UniformView.cpp in Sources */ = {isa = PBXBuildFile; fileRef = 809B4731281DFB670083DBD2 /* UniformView.cpp */; };
		809B4737281DFE9E0083DBD2 /* VertexBufferContainer.cpp in Sources */ = {isa = PBXBuildFile; fileRef = 809B4735281DFE9E0083DBD2 /* VertexBufferContainer.cpp */; };
		809B473A281E0CBA0083DBD2 /* VertexView.cpp in Sources */ = {isa = PBXBuildFile; fileRef = 809B4738281E0CBA0083DBD2 /* VertexView.cpp */; };
		809B473E281E8E940083DBD2 /* IndexBufferContainer.cpp in Sources */ = {isa = PBXBuildFile; fileRef = 809B473C281E8E940083DBD2 /* IndexBufferContainer.cpp */; };
		809B4741281E8F790083DBD2 /* IndexView.cpp in Sources */ = {isa = PBXBuildFile; fileRef = 809B473F281E8F790083DBD2 /* IndexView.cpp */; };
		809B4748281E933B0083DBD2 /* VertexArrayContainer.cpp in Sources */ = {isa = PBXBuildFile; fileRef = 809B4746281E933B0083DBD2 /* VertexArrayContainer.cpp */; };
		809B475F281EBCB60083DBD2 /* VertexArrayView.cpp in Sources */ = {isa = PBXBuildFile; fileRef = 809B475D281EBCB60083DBD2 /* VertexArrayView.cpp */; };
		80C4915328122BE7009FC5E3 /* Log.cpp in Sources */ = {isa = PBXBuildFile; fileRef = 80C4915128122BE7009FC5E3 /* Log.cpp */; };
		80C4915F2812359E009FC5E3 /* OrthographicCamera.cpp in Sources */ = {isa = PBXBuildFile; fileRef = 80C4915E2812359E009FC5E3 /* OrthographicCamera.cpp */; };
		80DCD45C2812C2C200610807 /* MacosXUtils.mm in Sources */ = {isa = PBXBuildFile; fileRef = 80DCD45B2812C2C200610807 /* MacosXUtils.mm */; };
/* End PBXBuildFile section */

/* Begin PBXCopyFilesBuildPhase section */
		803AFF39281068F7005C6FA6 /* CopyFiles */ = {
			isa = PBXCopyFilesBuildPhase;
			buildActionMask = 2147483647;
			dstPath = /usr/share/man/man1/;
			dstSubfolderSpec = 0;
			files = (
			);
			runOnlyForDeploymentPostprocessing = 1;
		};
/* End PBXCopyFilesBuildPhase section */

/* Begin PBXFileReference section */
		80372AF9281B60E7005031C7 /* stb_image.cpp */ = {isa = PBXFileReference; lastKnownFileType = sourcecode.cpp.cpp; path = stb_image.cpp; sourceTree = "<group>"; };
		80372B00281B6152005031C7 /* Texture.cpp */ = {isa = PBXFileReference; lastKnownFileType = sourcecode.cpp.cpp; path = Texture.cpp; sourceTree = "<group>"; };
		80372B01281B6152005031C7 /* Texture.hpp */ = {isa = PBXFileReference; lastKnownFileType = sourcecode.cpp.h; path = Texture.hpp; sourceTree = "<group>"; };
		803AFF3B281068F7005C6FA6 /* ShaderEditor */ = {isa = PBXFileReference; explicitFileType = "compiled.mach-o.executable"; includeInIndex = 0; path = ShaderEditor; sourceTree = BUILT_PRODUCTS_DIR; };
		803AFF3E281068F7005C6FA6 /* EntryPoint.cpp */ = {isa = PBXFileReference; lastKnownFileType = sourcecode.cpp.cpp; path = EntryPoint.cpp; sourceTree = "<group>"; };
		807521F428106CEB00C0AD39 /* ShaderEditor.entitlements */ = {isa = PBXFileReference; lastKnownFileType = text.plist.entitlements; path = ShaderEditor.entitlements; sourceTree = "<group>"; };
		807521F628106D6800C0AD39 /* OpenGL.framework */ = {isa = PBXFileReference; lastKnownFileType = wrapper.framework; name = OpenGL.framework; path = System/Library/Frameworks/OpenGL.framework; sourceTree = SDKROOT; };
		807521F828106D8600C0AD39 /* Cocoa.framework */ = {isa = PBXFileReference; lastKnownFileType = wrapper.framework; name = Cocoa.framework; path = System/Library/Frameworks/Cocoa.framework; sourceTree = SDKROOT; };
		807521FA28106D8D00C0AD39 /* IOKit.framework */ = {isa = PBXFileReference; lastKnownFileType = wrapper.framework; name = IOKit.framework; path = System/Library/Frameworks/IOKit.framework; sourceTree = SDKROOT; };
		807521FC28106DB300C0AD39 /* libImGui.a */ = {isa = PBXFileReference; lastKnownFileType = archive.ar; name = libImGui.a; path = Vendor/bin/libImGui.a; sourceTree = "<group>"; };
		807521FD28106DB300C0AD39 /* libGlad.a */ = {isa = PBXFileReference; lastKnownFileType = archive.ar; name = libGlad.a; path = Vendor/bin/libGlad.a; sourceTree = "<group>"; };
		807521FE28106DB300C0AD39 /* libGLFW.a */ = {isa = PBXFileReference; lastKnownFileType = archive.ar; name = libGLFW.a; path = Vendor/bin/libGLFW.a; sourceTree = "<group>"; };
		8075220228108FCF00C0AD39 /* Application.cpp */ = {isa = PBXFileReference; lastKnownFileType = sourcecode.cpp.cpp; path = Application.cpp; sourceTree = "<group>"; };
		8075220328108FCF00C0AD39 /* Application.hpp */ = {isa = PBXFileReference; lastKnownFileType = sourcecode.cpp.h; path = Application.hpp; sourceTree = "<group>"; };
		807522052810914800C0AD39 /* Layer.hpp */ = {isa = PBXFileReference; lastKnownFileType = sourcecode.cpp.h; path = Layer.hpp; sourceTree = "<group>"; };
		80752207281095A400C0AD39 /* ImGuiBuild.cpp */ = {isa = PBXFileReference; lastKnownFileType = sourcecode.cpp.cpp; path = ImGuiBuild.cpp; sourceTree = "<group>"; };
		8075220928109CA700C0AD39 /* EditorApplication.cpp */ = {isa = PBXFileReference; lastKnownFileType = sourcecode.cpp.cpp; path = EditorApplication.cpp; sourceTree = "<group>"; };
		8075220D2810A1DE00C0AD39 /* ApplicationEvent.hpp */ = {isa = PBXFileReference; lastKnownFileType = sourcecode.cpp.h; path = ApplicationEvent.hpp; sourceTree = "<group>"; };
		8075220E2810A1DE00C0AD39 /* Event.hpp */ = {isa = PBXFileReference; lastKnownFileType = sourcecode.cpp.h; path = Event.hpp; sourceTree = "<group>"; };
		8075220F2810A1DF00C0AD39 /* KeyEvent.hpp */ = {isa = PBXFileReference; lastKnownFileType = sourcecode.cpp.h; path = KeyEvent.hpp; sourceTree = "<group>"; };
		807522102810A1DF00C0AD39 /* MouseEvent.hpp */ = {isa = PBXFileReference; lastKnownFileType = sourcecode.cpp.h; path = MouseEvent.hpp; sourceTree = "<group>"; };
		807522132810A20A00C0AD39 /* Input.hpp */ = {isa = PBXFileReference; lastKnownFileType = sourcecode.cpp.h; path = Input.hpp; sourceTree = "<group>"; };
		807522142810A20A00C0AD39 /* KeyCodes.hpp */ = {isa = PBXFileReference; lastKnownFileType = sourcecode.cpp.h; path = KeyCodes.hpp; sourceTree = "<group>"; };
		807522152810A20B00C0AD39 /* MouseCodes.hpp */ = {isa = PBXFileReference; lastKnownFileType = sourcecode.cpp.h; path = MouseCodes.hpp; sourceTree = "<group>"; };
		807522162810A3F800C0AD39 /* Core.hpp */ = {isa = PBXFileReference; lastKnownFileType = sourcecode.cpp.h; path = Core.hpp; sourceTree = "<group>"; };
		8075221C2810ADCB00C0AD39 /* Input.cpp */ = {isa = PBXFileReference; lastKnownFileType = sourcecode.cpp.cpp; path = Input.cpp; sourceTree = "<group>"; };
		8075223C2810B52900C0AD39 /* Framebuffer.cpp */ = {isa = PBXFileReference; lastKnownFileType = sourcecode.cpp.cpp; path = Framebuffer.cpp; sourceTree = "<group>"; };
		8075223D2810B52900C0AD39 /* Framebuffer.hpp */ = {isa = PBXFileReference; lastKnownFileType = sourcecode.cpp.h; path = Framebuffer.hpp; sourceTree = "<group>"; };
		807522482811730B00C0AD39 /* RenderCommand.cpp */ = {isa = PBXFileReference; lastKnownFileType = sourcecode.cpp.cpp; path = RenderCommand.cpp; sourceTree = "<group>"; };
		807522492811730B00C0AD39 /* RenderCommand.hpp */ = {isa = PBXFileReference; lastKnownFileType = sourcecode.cpp.h; path = RenderCommand.hpp; sourceTree = "<group>"; };
		8075224B281174A000C0AD39 /* OpenGL.hpp */ = {isa = PBXFileReference; lastKnownFileType = sourcecode.cpp.h; path = OpenGL.hpp; sourceTree = "<group>"; };
		8075224C2811764D00C0AD39 /* Shader.cpp */ = {isa = PBXFileReference; lastKnownFileType = sourcecode.cpp.cpp; path = Shader.cpp; sourceTree = "<group>"; };
		8075224D2811764D00C0AD39 /* Shader.hpp */ = {isa = PBXFileReference; lastKnownFileType = sourcecode.cpp.h; path = Shader.hpp; sourceTree = "<group>"; };
		807522502811769A00C0AD39 /* Memory.hpp */ = {isa = PBXFileReference; lastKnownFileType = sourcecode.cpp.h; path = Memory.hpp; sourceTree = "<group>"; };
		8075225228117AA500C0AD39 /* Utils.cpp */ = {isa = PBXFileReference; lastKnownFileType = sourcecode.cpp.cpp; path = Utils.cpp; sourceTree = "<group>"; };
		8075225328117AA500C0AD39 /* Utils.hpp */ = {isa = PBXFileReference; lastKnownFileType = sourcecode.cpp.h; path = Utils.hpp; sourceTree = "<group>"; };
		8075225528117C6B00C0AD39 /* Buffer.cpp */ = {isa = PBXFileReference; lastKnownFileType = sourcecode.cpp.cpp; path = Buffer.cpp; sourceTree = "<group>"; };
		8075225628117C6B00C0AD39 /* Buffer.hpp */ = {isa = PBXFileReference; lastKnownFileType = sourcecode.cpp.h; path = Buffer.hpp; sourceTree = "<group>"; };
		8075225828117F0900C0AD39 /* VertexArray.cpp */ = {isa = PBXFileReference; lastKnownFileType = sourcecode.cpp.cpp; path = VertexArray.cpp; sourceTree = "<group>"; };
		8075225928117F0900C0AD39 /* VertexArray.hpp */ = {isa = PBXFileReference; lastKnownFileType = sourcecode.cpp.h; path = VertexArray.hpp; sourceTree = "<group>"; };
		8075225C2811834700C0AD39 /* Renderer.cpp */ = {isa = PBXFileReference; lastKnownFileType = sourcecode.cpp.cpp; path = Renderer.cpp; sourceTree = "<group>"; };
		8075225D2811834700C0AD39 /* Renderer.hpp */ = {isa = PBXFileReference; lastKnownFileType = sourcecode.cpp.h; path = Renderer.hpp; sourceTree = "<group>"; };
		809B471E281DDAA80083DBD2 /* Context.cpp */ = {isa = PBXFileReference; lastKnownFileType = sourcecode.cpp.cpp; path = Context.cpp; sourceTree = "<group>"; };
		809B471F281DDAA80083DBD2 /* Context.hpp */ = {isa = PBXFileReference; lastKnownFileType = sourcecode.cpp.h; path = Context.hpp; sourceTree = "<group>"; };
		809B4724281DDE610083DBD2 /* ViewportPanel.cpp */ = {isa = PBXFileReference; lastKnownFileType = sourcecode.cpp.cpp; path = ViewportPanel.cpp; sourceTree = "<group>"; };
		809B4725281DDE610083DBD2 /* ViewportPanel.hpp */ = {isa = PBXFileReference; lastKnownFileType = sourcecode.cpp.h; path = ViewportPanel.hpp; sourceTree = "<group>"; };
		809B4727281DEBCF0083DBD2 /* ImGuiHelper.cpp */ = {isa = PBXFileReference; lastKnownFileType = sourcecode.cpp.cpp; path = ImGuiHelper.cpp; sourceTree = "<group>"; };
		809B4728281DEBCF0083DBD2 /* ImGuiHelper.hpp */ = {isa = PBXFileReference; lastKnownFileType = sourcecode.cpp.h; path = ImGuiHelper.hpp; sourceTree = "<group>"; };
		809B472A281DECC60083DBD2 /* InspectorPanel.cpp */ = {isa = PBXFileReference; lastKnownFileType = sourcecode.cpp.cpp; path = InspectorPanel.cpp; sourceTree = "<group>"; };
		809B472B281DECC60083DBD2 /* InspectorPanel.hpp */ = {isa = PBXFileReference; lastKnownFileType = sourcecode.cpp.h; path = InspectorPanel.hpp; sourceTree = "<group>"; };
		809B472E281DEF980083DBD2 /* UniformBufferContainer.cpp */ = {isa = PBXFileReference; lastKnownFileType = sourcecode.cpp.cpp; path = UniformBufferContainer.cpp; sourceTree = "<group>"; };
		809B472F281DEF980083DBD2 /* UniformBufferContainer.hpp */ = {isa = PBXFileReference; lastKnownFileType = sourcecode.cpp.h; path = UniformBufferContainer.hpp; sourceTree = "<group>"; };
		809B4731281DFB670083DBD2 /* UniformView.cpp */ = {isa = PBXFileReference; lastKnownFileType = sourcecode.cpp.cpp; path = UniformView.cpp; sourceTree = "<group>"; };
		809B4732281DFB670083DBD2 /* UniformView.hpp */ = {isa = PBXFileReference; lastKnownFileType = sourcecode.cpp.h; path = UniformView.hpp; sourceTree = "<group>"; };
		809B4735281DFE9E0083DBD2 /* VertexBufferContainer.cpp */ = {isa = PBXFileReference; lastKnownFileType = sourcecode.cpp.cpp; path = VertexBufferContainer.cpp; sourceTree = "<group>"; };
		809B4736281DFE9E0083DBD2 /* VertexBufferContainer.hpp */ = {isa = PBXFileReference; lastKnownFileType = sourcecode.cpp.h; path = VertexBufferContainer.hpp; sourceTree = "<group>"; };
		809B4738281E0CBA0083DBD2 /* VertexView.cpp */ = {isa = PBXFileReference; lastKnownFileType = sourcecode.cpp.cpp; path = VertexView.cpp; sourceTree = "<group>"; };
		809B4739281E0CBA0083DBD2 /* VertexView.hpp */ = {isa = PBXFileReference; lastKnownFileType = sourcecode.cpp.h; path = VertexView.hpp; sourceTree = "<group>"; };
		809B473C281E8E940083DBD2 /* IndexBufferContainer.cpp */ = {isa = PBXFileReference; lastKnownFileType = sourcecode.cpp.cpp; path = IndexBufferContainer.cpp; sourceTree = "<group>"; };
		809B473D281E8E940083DBD2 /* IndexBufferContainer.hpp */ = {isa = PBXFileReference; lastKnownFileType = sourcecode.cpp.h; path = IndexBufferContainer.hpp; sourceTree = "<group>"; };
		809B473F281E8F790083DBD2 /* IndexView.cpp */ = {isa = PBXFileReference; lastKnownFileType = sourcecode.cpp.cpp; path = IndexView.cpp; sourceTree = "<group>"; };
		809B4740281E8F790083DBD2 /* IndexView.hpp */ = {isa = PBXFileReference; lastKnownFileType = sourcecode.cpp.h; path = IndexView.hpp; sourceTree = "<group>"; };
		809B4746281E933B0083DBD2 /* VertexArrayContainer.cpp */ = {isa = PBXFileReference; lastKnownFileType = sourcecode.cpp.cpp; path = VertexArrayContainer.cpp; sourceTree = "<group>"; };
		809B4747281E933B0083DBD2 /* VertexArrayContainer.hpp */ = {isa = PBXFileReference; lastKnownFileType = sourcecode.cpp.h; path = VertexArrayContainer.hpp; sourceTree = "<group>"; };
		809B475D281EBCB60083DBD2 /* VertexArrayView.cpp */ = {isa = PBXFileReference; lastKnownFileType = sourcecode.cpp.cpp; path = VertexArrayView.cpp; sourceTree = "<group>"; };
		809B475E281EBCB60083DBD2 /* VertexArrayView.hpp */ = {isa = PBXFileReference; lastKnownFileType = sourcecode.cpp.h; path = VertexArrayView.hpp; sourceTree = "<group>"; };
		80C4915028122B2C009FC5E3 /* Assert.h */ = {isa = PBXFileReference; lastKnownFileType = sourcecode.c.h; path = Assert.h; sourceTree = "<group>"; };
		80C4915128122BE7009FC5E3 /* Log.cpp */ = {isa = PBXFileReference; lastKnownFileType = sourcecode.cpp.cpp; path = Log.cpp; sourceTree = "<group>"; };
		80C4915228122BE7009FC5E3 /* Log.hpp */ = {isa = PBXFileReference; lastKnownFileType = sourcecode.cpp.h; path = Log.hpp; sourceTree = "<group>"; };
		80C4915C28122E9D009FC5E3 /* PlatformDetection.h */ = {isa = PBXFileReference; lastKnownFileType = sourcecode.c.h; path = PlatformDetection.h; sourceTree = "<group>"; };
		80C4915D2812359E009FC5E3 /* OrthographicCamera.hpp */ = {isa = PBXFileReference; fileEncoding = 4; lastKnownFileType = sourcecode.cpp.h; path = OrthographicCamera.hpp; sourceTree = "<group>"; };
		80C4915E2812359E009FC5E3 /* OrthographicCamera.cpp */ = {isa = PBXFileReference; fileEncoding = 4; lastKnownFileType = sourcecode.cpp.cpp; path = OrthographicCamera.cpp; sourceTree = "<group>"; };
		80CA28292812F44500E53E94 /* Menlo-Regular.embed */ = {isa = PBXFileReference; lastKnownFileType = text; path = "Menlo-Regular.embed"; sourceTree = "<group>"; };
		80CA28342813462F00E53E94 /* pch.h */ = {isa = PBXFileReference; lastKnownFileType = sourcecode.c.h; path = pch.h; sourceTree = "<group>"; };
		80DCD45B2812C2C200610807 /* MacosXUtils.mm */ = {isa = PBXFileReference; lastKnownFileType = sourcecode.cpp.objcpp; path = MacosXUtils.mm; sourceTree = "<group>"; };
		80DCD4622812C83200610807 /* CoreGraphics.framework */ = {isa = PBXFileReference; lastKnownFileType = wrapper.framework; name = CoreGraphics.framework; path = System/Library/Frameworks/CoreGraphics.framework; sourceTree = SDKROOT; };
		80DCD46A2812E24900610807 /* Roboto-Regular.embed */ = {isa = PBXFileReference; lastKnownFileType = text; path = "Roboto-Regular.embed"; sourceTree = "<group>"; };
/* End PBXFileReference section */

/* Begin PBXFrameworksBuildPhase section */
		803AFF38281068F7005C6FA6 /* Frameworks */ = {
			isa = PBXFrameworksBuildPhase;
			buildActionMask = 2147483647;
			files = (
				807521FF28106DB300C0AD39 /* libImGui.a in Frameworks */,
				8075220028106DB300C0AD39 /* libGlad.a in Frameworks */,
				8075220128106DB300C0AD39 /* libGLFW.a in Frameworks */,
				807521FB28106D8D00C0AD39 /* IOKit.framework in Frameworks */,
				807521F928106D8600C0AD39 /* Cocoa.framework in Frameworks */,
				807521F728106D6800C0AD39 /* OpenGL.framework in Frameworks */,
			);
			runOnlyForDeploymentPostprocessing = 0;
		};
/* End PBXFrameworksBuildPhase section */

/* Begin PBXGroup section */
		80372AF8281B60C9005031C7 /* stb_image */ = {
			isa = PBXGroup;
			children = (
				80372AF9281B60E7005031C7 /* stb_image.cpp */,
			);
			path = stb_image;
			sourceTree = "<group>";
		};
		803AFF32281068F7005C6FA6 = {
			isa = PBXGroup;
			children = (
				803AFF3D281068F7005C6FA6 /* ShaderEditor */,
				803AFF3C281068F7005C6FA6 /* Products */,
				807521F528106D6800C0AD39 /* Frameworks */,
			);
			sourceTree = "<group>";
		};
		803AFF3C281068F7005C6FA6 /* Products */ = {
			isa = PBXGroup;
			children = (
				803AFF3B281068F7005C6FA6 /* ShaderEditor */,
			);
			name = Products;
			sourceTree = "<group>";
		};
		803AFF3D281068F7005C6FA6 /* ShaderEditor */ = {
			isa = PBXGroup;
			children = (
				80CA28342813462F00E53E94 /* pch.h */,
				807521F428106CEB00C0AD39 /* ShaderEditor.entitlements */,
				8075220B2810A14100C0AD39 /* Core */,
				807522232810B3F800C0AD39 /* OpenGL */,
				8075225B2811832F00C0AD39 /* Renderer */,
				8075225F2811917100C0AD39 /* Editor */,
				8075220928109CA700C0AD39 /* EditorApplication.cpp */,
			);
			path = ShaderEditor;
			sourceTree = "<group>";
		};
		807521F528106D6800C0AD39 /* Frameworks */ = {
			isa = PBXGroup;
			children = (
				80DCD4622812C83200610807 /* CoreGraphics.framework */,
				807521FD28106DB300C0AD39 /* libGlad.a */,
				807521FE28106DB300C0AD39 /* libGLFW.a */,
				807521FC28106DB300C0AD39 /* libImGui.a */,
				807521FA28106D8D00C0AD39 /* IOKit.framework */,
				807521F828106D8600C0AD39 /* Cocoa.framework */,
				807521F628106D6800C0AD39 /* OpenGL.framework */,
			);
			name = Frameworks;
			sourceTree = "<group>";
		};
		807522062810959000C0AD39 /* ImGui */ = {
			isa = PBXGroup;
			children = (
				80752207281095A400C0AD39 /* ImGuiBuild.cpp */,
				80DCD46A2812E24900610807 /* Roboto-Regular.embed */,
				80CA28292812F44500E53E94 /* Menlo-Regular.embed */,
			);
			path = ImGui;
			sourceTree = "<group>";
		};
		8075220B2810A14100C0AD39 /* Core */ = {
			isa = PBXGroup;
			children = (
				80372AF8281B60C9005031C7 /* stb_image */,
				80DCD45A2812C28300610807 /* Platform */,
				807522122810A1F300C0AD39 /* Input */,
				8075220C2810A1C600C0AD39 /* Events */,
				807522062810959000C0AD39 /* ImGui */,
				803AFF3E281068F7005C6FA6 /* EntryPoint.cpp */,
				8075220228108FCF00C0AD39 /* Application.cpp */,
				8075220328108FCF00C0AD39 /* Application.hpp */,
				807522052810914800C0AD39 /* Layer.hpp */,
				807522162810A3F800C0AD39 /* Core.hpp */,
				807522502811769A00C0AD39 /* Memory.hpp */,
				8075225328117AA500C0AD39 /* Utils.hpp */,
				8075225228117AA500C0AD39 /* Utils.cpp */,
				80C4915028122B2C009FC5E3 /* Assert.h */,
				80C4915128122BE7009FC5E3 /* Log.cpp */,
				80C4915228122BE7009FC5E3 /* Log.hpp */,
				80C4915C28122E9D009FC5E3 /* PlatformDetection.h */,
			);
			path = Core;
			sourceTree = "<group>";
		};
		8075220C2810A1C600C0AD39 /* Events */ = {
			isa = PBXGroup;
			children = (
				8075220E2810A1DE00C0AD39 /* Event.hpp */,
				8075220D2810A1DE00C0AD39 /* ApplicationEvent.hpp */,
				8075220F2810A1DF00C0AD39 /* KeyEvent.hpp */,
				807522102810A1DF00C0AD39 /* MouseEvent.hpp */,
			);
			path = Events;
			sourceTree = "<group>";
		};
		807522122810A1F300C0AD39 /* Input */ = {
			isa = PBXGroup;
			children = (
				807522132810A20A00C0AD39 /* Input.hpp */,
				8075221C2810ADCB00C0AD39 /* Input.cpp */,
				807522142810A20A00C0AD39 /* KeyCodes.hpp */,
				807522152810A20B00C0AD39 /* MouseCodes.hpp */,
			);
			path = Input;
			sourceTree = "<group>";
		};
		807522232810B3F800C0AD39 /* OpenGL */ = {
			isa = PBXGroup;
			children = (
				8075223C2810B52900C0AD39 /* Framebuffer.cpp */,
				8075223D2810B52900C0AD39 /* Framebuffer.hpp */,
				807522482811730B00C0AD39 /* RenderCommand.cpp */,
				807522492811730B00C0AD39 /* RenderCommand.hpp */,
				8075224B281174A000C0AD39 /* OpenGL.hpp */,
				8075224C2811764D00C0AD39 /* Shader.cpp */,
				8075224D2811764D00C0AD39 /* Shader.hpp */,
				8075225528117C6B00C0AD39 /* Buffer.cpp */,
				8075225628117C6B00C0AD39 /* Buffer.hpp */,
				8075225828117F0900C0AD39 /* VertexArray.cpp */,
				8075225928117F0900C0AD39 /* VertexArray.hpp */,
				80372B00281B6152005031C7 /* Texture.cpp */,
				80372B01281B6152005031C7 /* Texture.hpp */,
				809B471E281DDAA80083DBD2 /* Context.cpp */,
				809B471F281DDAA80083DBD2 /* Context.hpp */,
			);
			path = OpenGL;
			sourceTree = "<group>";
		};
		8075225B2811832F00C0AD39 /* Renderer */ = {
			isa = PBXGroup;
			children = (
				8075225C2811834700C0AD39 /* Renderer.cpp */,
				8075225D2811834700C0AD39 /* Renderer.hpp */,
				80C4915E2812359E009FC5E3 /* OrthographicCamera.cpp */,
				80C4915D2812359E009FC5E3 /* OrthographicCamera.hpp */,
			);
			path = Renderer;
			sourceTree = "<group>";
		};
		8075225F2811917100C0AD39 /* Editor */ = {
			isa = PBXGroup;
			children = (
				809B472D281DEF6D0083DBD2 /* Panels */,
				809B4734281DFE630083DBD2 /* Uniform */,
				809B473B281E8E420083DBD2 /* Vertex */,
				809B4742281E920C0083DBD2 /* Index */,
				809B4746281E933B0083DBD2 /* VertexArrayContainer.cpp */,
				809B4747281E933B0083DBD2 /* VertexArrayContainer.hpp */,
				809B475D281EBCB60083DBD2 /* VertexArrayView.cpp */,
				809B475E281EBCB60083DBD2 /* VertexArrayView.hpp */,
			);
			path = Editor;
			sourceTree = "<group>";
		};
		809B472D281DEF6D0083DBD2 /* Panels */ = {
			isa = PBXGroup;
			children = (
				809B4727281DEBCF0083DBD2 /* ImGuiHelper.cpp */,
				809B4728281DEBCF0083DBD2 /* ImGuiHelper.hpp */,
				809B4724281DDE610083DBD2 /* ViewportPanel.cpp */,
				809B4725281DDE610083DBD2 /* ViewportPanel.hpp */,
				809B472A281DECC60083DBD2 /* InspectorPanel.cpp */,
				809B472B281DECC60083DBD2 /* InspectorPanel.hpp */,
			);
			name = Panels;
			sourceTree = "<group>";
		};
		809B4734281DFE630083DBD2 /* Uniform */ = {
			isa = PBXGroup;
			children = (
				809B472E281DEF980083DBD2 /* UniformBufferContainer.cpp */,
				809B472F281DEF980083DBD2 /* UniformBufferContainer.hpp */,
				809B4731281DFB670083DBD2 /* UniformView.cpp */,
				809B4732281DFB670083DBD2 /* UniformView.hpp */,
			);
			name = Uniform;
			sourceTree = "<group>";
		};
		809B473B281E8E420083DBD2 /* Vertex */ = {
			isa = PBXGroup;
			children = (
				809B4735281DFE9E0083DBD2 /* VertexBufferContainer.cpp */,
				809B4736281DFE9E0083DBD2 /* VertexBufferContainer.hpp */,
				809B4738281E0CBA0083DBD2 /* VertexView.cpp */,
				809B4739281E0CBA0083DBD2 /* VertexView.hpp */,
			);
			name = Vertex;
			sourceTree = "<group>";
		};
		809B4742281E920C0083DBD2 /* Index */ = {
			isa = PBXGroup;
			children = (
				809B473C281E8E940083DBD2 /* IndexBufferContainer.cpp */,
				809B473D281E8E940083DBD2 /* IndexBufferContainer.hpp */,
				809B473F281E8F790083DBD2 /* IndexView.cpp */,
				809B4740281E8F790083DBD2 /* IndexView.hpp */,
			);
			name = Index;
			sourceTree = "<group>";
		};
		80DCD45A2812C28300610807 /* Platform */ = {
			isa = PBXGroup;
			children = (
				80DCD45B2812C2C200610807 /* MacosXUtils.mm */,
			);
			path = Platform;
			sourceTree = "<group>";
		};
/* End PBXGroup section */

/* Begin PBXNativeTarget section */
		803AFF3A281068F7005C6FA6 /* ShaderEditor */ = {
			isa = PBXNativeTarget;
			buildConfigurationList = 803AFF42281068F7005C6FA6 /* Build configuration list for PBXNativeTarget "ShaderEditor" */;
			buildPhases = (
				803AFF37281068F7005C6FA6 /* Sources */,
				803AFF38281068F7005C6FA6 /* Frameworks */,
				803AFF39281068F7005C6FA6 /* CopyFiles */,
			);
			buildRules = (
			);
			dependencies = (
			);
			name = ShaderEditor;
			productName = ShaderEditor;
			productReference = 803AFF3B281068F7005C6FA6 /* ShaderEditor */;
			productType = "com.apple.product-type.tool";
		};
/* End PBXNativeTarget section */

/* Begin PBXProject section */
		803AFF33281068F7005C6FA6 /* Project object */ = {
			isa = PBXProject;
			attributes = {
				BuildIndependentTargetsInParallel = 1;
				LastUpgradeCheck = 1330;
				TargetAttributes = {
					803AFF3A281068F7005C6FA6 = {
						CreatedOnToolsVersion = 13.3;
					};
				};
			};
			buildConfigurationList = 803AFF36281068F7005C6FA6 /* Build configuration list for PBXProject "ShaderEditor" */;
			compatibilityVersion = "Xcode 13.0";
			developmentRegion = en;
			hasScannedForEncodings = 0;
			knownRegions = (
				en,
				Base,
			);
			mainGroup = 803AFF32281068F7005C6FA6;
			productRefGroup = 803AFF3C281068F7005C6FA6 /* Products */;
			projectDirPath = "";
			projectRoot = "";
			targets = (
				803AFF3A281068F7005C6FA6 /* ShaderEditor */,
			);
		};
/* End PBXProject section */

/* Begin PBXSourcesBuildPhase section */
		803AFF37281068F7005C6FA6 /* Sources */ = {
			isa = PBXSourcesBuildPhase;
			buildActionMask = 2147483647;
			files = (
				8075225E2811834700C0AD39 /* Renderer.cpp in Sources */,
				809B4748281E933B0083DBD2 /* VertexArrayContainer.cpp in Sources */,
				8075225A28117F0900C0AD39 /* VertexArray.cpp in Sources */,
				8075220428108FCF00C0AD39 /* Application.cpp in Sources */,
				809B473A281E0CBA0083DBD2 /* VertexView.cpp in Sources */,
				809B4720281DDAA80083DBD2 /* Context.cpp in Sources */,
				8075225728117C6B00C0AD39 /* Buffer.cpp in Sources */,
				80C4915328122BE7009FC5E3 /* Log.cpp in Sources */,
				8075223E2810B52900C0AD39 /* Framebuffer.cpp in Sources */,
				8075224E2811764D00C0AD39 /* Shader.cpp in Sources */,
				809B4733281DFB670083DBD2 /* UniformView.cpp in Sources */,
				809B473E281E8E940083DBD2 /* IndexBufferContainer.cpp in Sources */,
				80372B02281B6152005031C7 /* Texture.cpp in Sources */,
				80752208281095A400C0AD39 /* ImGuiBuild.cpp in Sources */,
				8075225428117AA500C0AD39 /* Utils.cpp in Sources */,
				809B4729281DEBCF0083DBD2 /* ImGuiHelper.cpp in Sources */,
				809B4737281DFE9E0083DBD2 /* VertexBufferContainer.cpp in Sources */,
				809B4730281DEF980083DBD2 /* UniformBufferContainer.cpp in Sources */,
				80372AFA281B60E7005031C7 /* stb_image.cpp in Sources */,
				809B475F281EBCB60083DBD2 /* VertexArrayView.cpp in Sources */,
				809B4726281DDE610083DBD2 /* ViewportPanel.cpp in Sources */,
				8075224A2811730B00C0AD39 /* RenderCommand.cpp in Sources */,
				80C4915F2812359E009FC5E3 /* OrthographicCamera.cpp in Sources */,
				809B4741281E8F790083DBD2 /* IndexView.cpp in Sources */,
				809B472C281DECC70083DBD2 /* InspectorPanel.cpp in Sources */,
				8075220A28109CA700C0AD39 /* EditorApplication.cpp in Sources */,
				80DCD45C2812C2C200610807 /* MacosXUtils.mm in Sources */,
				803AFF3F281068F7005C6FA6 /* EntryPoint.cpp in Sources */,
				8075221D2810ADCB00C0AD39 /* Input.cpp in Sources */,
			);
			runOnlyForDeploymentPostprocessing = 0;
		};
/* End PBXSourcesBuildPhase section */

/* Begin XCBuildConfiguration section */
		803AFF40281068F7005C6FA6 /* Debug */ = {
			isa = XCBuildConfiguration;
			buildSettings = {
				ALWAYS_SEARCH_USER_PATHS = NO;
				CLANG_ANALYZER_NONNULL = YES;
				CLANG_ANALYZER_NUMBER_OBJECT_CONVERSION = YES_AGGRESSIVE;
				CLANG_CXX_LANGUAGE_STANDARD = "gnu++17";
				CLANG_ENABLE_MODULES = YES;
				CLANG_ENABLE_OBJC_ARC = YES;
				CLANG_ENABLE_OBJC_WEAK = YES;
				CLANG_WARN_BLOCK_CAPTURE_AUTORELEASING = YES;
				CLANG_WARN_BOOL_CONVERSION = YES;
				CLANG_WARN_COMMA = YES;
				CLANG_WARN_CONSTANT_CONVERSION = YES;
				CLANG_WARN_DEPRECATED_OBJC_IMPLEMENTATIONS = YES;
				CLANG_WARN_DIRECT_OBJC_ISA_USAGE = YES_ERROR;
				CLANG_WARN_DOCUMENTATION_COMMENTS = NO;
				CLANG_WARN_EMPTY_BODY = YES;
				CLANG_WARN_ENUM_CONVERSION = YES;
				CLANG_WARN_INFINITE_RECURSION = YES;
				CLANG_WARN_INT_CONVERSION = YES;
				CLANG_WARN_NON_LITERAL_NULL_CONVERSION = YES;
				CLANG_WARN_OBJC_IMPLICIT_RETAIN_SELF = YES;
				CLANG_WARN_OBJC_LITERAL_CONVERSION = YES;
				CLANG_WARN_OBJC_ROOT_CLASS = YES_ERROR;
				CLANG_WARN_QUOTED_INCLUDE_IN_FRAMEWORK_HEADER = YES;
				CLANG_WARN_RANGE_LOOP_ANALYSIS = YES;
				CLANG_WARN_STRICT_PROTOTYPES = YES;
				CLANG_WARN_SUSPICIOUS_MOVE = YES;
				CLANG_WARN_UNGUARDED_AVAILABILITY = YES_AGGRESSIVE;
				CLANG_WARN_UNREACHABLE_CODE = YES;
				CLANG_WARN__DUPLICATE_METHOD_MATCH = YES;
				COPY_PHASE_STRIP = NO;
				DEBUG_INFORMATION_FORMAT = dwarf;
				ENABLE_STRICT_OBJC_MSGSEND = YES;
				ENABLE_TESTABILITY = YES;
				GCC_C_LANGUAGE_STANDARD = gnu11;
				GCC_DYNAMIC_NO_PIC = NO;
				GCC_NO_COMMON_BLOCKS = YES;
				GCC_OPTIMIZATION_LEVEL = 0;
				GCC_PRECOMPILE_PREFIX_HEADER = YES;
				GCC_PREFIX_HEADER = ShaderEditor/Core/pch.h;
				GCC_PREPROCESSOR_DEFINITIONS = (
					"DEBUG=1",
					"$(inherited)",
					GL_SILENCE_DEPRECATION,
				);
				GCC_WARN_64_TO_32_BIT_CONVERSION = YES;
				GCC_WARN_ABOUT_RETURN_TYPE = YES_ERROR;
				GCC_WARN_UNDECLARED_SELECTOR = YES;
				GCC_WARN_UNINITIALIZED_AUTOS = YES_AGGRESSIVE;
				GCC_WARN_UNUSED_FUNCTION = YES;
				GCC_WARN_UNUSED_VARIABLE = YES;
				MACOSX_DEPLOYMENT_TARGET = 12.3;
				MTL_ENABLE_DEBUG_INFO = INCLUDE_SOURCE;
				MTL_FAST_MATH = YES;
				ONLY_ACTIVE_ARCH = YES;
				SDKROOT = macosx;
			};
			name = Debug;
		};
		803AFF41281068F7005C6FA6 /* Release */ = {
			isa = XCBuildConfiguration;
			buildSettings = {
				ALWAYS_SEARCH_USER_PATHS = NO;
				CLANG_ANALYZER_NONNULL = YES;
				CLANG_ANALYZER_NUMBER_OBJECT_CONVERSION = YES_AGGRESSIVE;
				CLANG_CXX_LANGUAGE_STANDARD = "gnu++17";
				CLANG_ENABLE_MODULES = YES;
				CLANG_ENABLE_OBJC_ARC = YES;
				CLANG_ENABLE_OBJC_WEAK = YES;
				CLANG_WARN_BLOCK_CAPTURE_AUTORELEASING = YES;
				CLANG_WARN_BOOL_CONVERSION = YES;
				CLANG_WARN_COMMA = YES;
				CLANG_WARN_CONSTANT_CONVERSION = YES;
				CLANG_WARN_DEPRECATED_OBJC_IMPLEMENTATIONS = YES;
				CLANG_WARN_DIRECT_OBJC_ISA_USAGE = YES_ERROR;
				CLANG_WARN_DOCUMENTATION_COMMENTS = NO;
				CLANG_WARN_EMPTY_BODY = YES;
				CLANG_WARN_ENUM_CONVERSION = YES;
				CLANG_WARN_INFINITE_RECURSION = YES;
				CLANG_WARN_INT_CONVERSION = YES;
				CLANG_WARN_NON_LITERAL_NULL_CONVERSION = YES;
				CLANG_WARN_OBJC_IMPLICIT_RETAIN_SELF = YES;
				CLANG_WARN_OBJC_LITERAL_CONVERSION = YES;
				CLANG_WARN_OBJC_ROOT_CLASS = YES_ERROR;
				CLANG_WARN_QUOTED_INCLUDE_IN_FRAMEWORK_HEADER = YES;
				CLANG_WARN_RANGE_LOOP_ANALYSIS = YES;
				CLANG_WARN_STRICT_PROTOTYPES = YES;
				CLANG_WARN_SUSPICIOUS_MOVE = YES;
				CLANG_WARN_UNGUARDED_AVAILABILITY = YES_AGGRESSIVE;
				CLANG_WARN_UNREACHABLE_CODE = YES;
				CLANG_WARN__DUPLICATE_METHOD_MATCH = YES;
				COPY_PHASE_STRIP = NO;
				DEBUG_INFORMATION_FORMAT = "dwarf-with-dsym";
				ENABLE_NS_ASSERTIONS = NO;
				ENABLE_STRICT_OBJC_MSGSEND = YES;
				GCC_C_LANGUAGE_STANDARD = gnu11;
				GCC_NO_COMMON_BLOCKS = YES;
				GCC_PRECOMPILE_PREFIX_HEADER = YES;
				GCC_PREFIX_HEADER = ShaderEditor/Core/pch.h;
				GCC_PREPROCESSOR_DEFINITIONS = GL_SILENCE_DEPRECATION;
				GCC_WARN_64_TO_32_BIT_CONVERSION = YES;
				GCC_WARN_ABOUT_RETURN_TYPE = YES_ERROR;
				GCC_WARN_UNDECLARED_SELECTOR = YES;
				GCC_WARN_UNINITIALIZED_AUTOS = YES_AGGRESSIVE;
				GCC_WARN_UNUSED_FUNCTION = YES;
				GCC_WARN_UNUSED_VARIABLE = YES;
				MACOSX_DEPLOYMENT_TARGET = 12.3;
				MTL_ENABLE_DEBUG_INFO = NO;
				MTL_FAST_MATH = YES;
				SDKROOT = macosx;
			};
			name = Release;
		};
		803AFF43281068F7005C6FA6 /* Debug */ = {
			isa = XCBuildConfiguration;
			buildSettings = {
				CLANG_ENABLE_OBJC_ARC = YES;
				CLANG_ENABLE_OBJC_WEAK = YES;
				CLANG_WARN_DOCUMENTATION_COMMENTS = NO;
				CODE_SIGN_ENTITLEMENTS = ShaderEditor/ShaderEditor.entitlements;
				CODE_SIGN_STYLE = Automatic;
				DEVELOPMENT_TEAM = UF3GNY88D9;
				ENABLE_HARDENED_RUNTIME = YES;
				GCC_PREFIX_HEADER = ShaderEditor/pch.h;
				GCC_PREPROCESSOR_DEFINITIONS = (
					"DEBUG=1",
					"$(inherited)",
					GL_SILENCE_DEPRECATION,
					EN_DEBUG,
				);
				HEADER_SEARCH_PATHS = (
					Vendor/GLFW/include,
					Vendor/Glad/include,
					Vendor/glm,
					Vendor/imgui,
					Vendor/spdlog/include,
					ShaderEditor,
					Vendor/stb_image,
				);
				LIBRARY_SEARCH_PATHS = (
					Vendor/bin,
					"$(PROJECT_DIR)/Vendor/bin",
				);
				MACOSX_DEPLOYMENT_TARGET = 12.3;
				PRODUCT_NAME = "$(TARGET_NAME)";
				VALIDATE_WORKSPACE_SKIPPED_SDK_FRAMEWORKS = OpenGL;
			};
			name = Debug;
		};
		803AFF44281068F7005C6FA6 /* Release */ = {
			isa = XCBuildConfiguration;
			buildSettings = {
				CLANG_ENABLE_OBJC_ARC = YES;
				CLANG_ENABLE_OBJC_WEAK = YES;
				CLANG_WARN_DOCUMENTATION_COMMENTS = NO;
				CODE_SIGN_ENTITLEMENTS = ShaderEditor/ShaderEditor.entitlements;
				CODE_SIGN_STYLE = Automatic;
				DEVELOPMENT_TEAM = UF3GNY88D9;
				ENABLE_HARDENED_RUNTIME = YES;
				GCC_PREFIX_HEADER = ShaderEditor/pch.h;
				HEADER_SEARCH_PATHS = (
					Vendor/GLFW/include,
					Vendor/Glad/include,
					Vendor/glm,
					Vendor/imgui,
					Vendor/spdlog/include,
					ShaderEditor,
					Vendor/stb_image,
				);
				LIBRARY_SEARCH_PATHS = (
					Vendor/bin,
					"$(PROJECT_DIR)/Vendor/bin",
				);
				MACOSX_DEPLOYMENT_TARGET = 12.3;
				PRODUCT_NAME = "$(TARGET_NAME)";
				VALIDATE_WORKSPACE_SKIPPED_SDK_FRAMEWORKS = OpenGL;
			};
			name = Release;
		};
/* End XCBuildConfiguration section */

/* Begin XCConfigurationList section */
		803AFF36281068F7005C6FA6 /* Build configuration list for PBXProject "ShaderEditor" */ = {
			isa = XCConfigurationList;
			buildConfigurations = (
				803AFF40281068F7005C6FA6 /* Debug */,
				803AFF41281068F7005C6FA6 /* Release */,
			);
			defaultConfigurationIsVisible = 0;
			defaultConfigurationName = Release;
		};
		803AFF42281068F7005C6FA6 /* Build configuration list for PBXNativeTarget "ShaderEditor" */ = {
			isa = XCConfigurationList;
			buildConfigurations = (
				803AFF43281068F7005C6FA6 /* Debug */,
				803AFF44281068F7005C6FA6 /* Release */,
			);
			defaultConfigurationIsVisible = 0;
			defaultConfigurationName = Release;
		};
/* End XCConfigurationList section */
	};
	rootObject = 803AFF33281068F7005C6FA6 /* Project object */;
}
