// !$*UTF8*$!
{
	archiveVersion = 1;
	classes = {
	};
	objectVersion = 55;
	objects = {

/* Begin PBXBuildFile section */
		8034BB592815E87900FB48D3 /* ImGuiInputSettings.cpp in Sources */ = {isa = PBXBuildFile; fileRef = 8034BB572815E87900FB48D3 /* ImGuiInputSettings.cpp */; };
		803AFF3F281068F7005C6FA6 /* EntryPoint.cpp in Sources */ = {isa = PBXBuildFile; fileRef = 803AFF3E281068F7005C6FA6 /* EntryPoint.cpp */; };
		803B40BC2816F417006B89EA /* PipelinePanel.cpp in Sources */ = {isa = PBXBuildFile; fileRef = 803B40BA2816F417006B89EA /* PipelinePanel.cpp */; };
		803B40D328175BE8006B89EA /* VertexArrayView.cpp in Sources */ = {isa = PBXBuildFile; fileRef = 803B40D128175BE8006B89EA /* VertexArrayView.cpp */; };
		803B40D628175D29006B89EA /* ShaderPass.cpp in Sources */ = {isa = PBXBuildFile; fileRef = 803B40D428175D29006B89EA /* ShaderPass.cpp */; };
		807521F728106D6800C0AD39 /* OpenGL.framework in Frameworks */ = {isa = PBXBuildFile; fileRef = 807521F628106D6800C0AD39 /* OpenGL.framework */; };
		807521F928106D8600C0AD39 /* Cocoa.framework in Frameworks */ = {isa = PBXBuildFile; fileRef = 807521F828106D8600C0AD39 /* Cocoa.framework */; };
		807521FB28106D8D00C0AD39 /* IOKit.framework in Frameworks */ = {isa = PBXBuildFile; fileRef = 807521FA28106D8D00C0AD39 /* IOKit.framework */; };
		807521FF28106DB300C0AD39 /* libImGui.a in Frameworks */ = {isa = PBXBuildFile; fileRef = 807521FC28106DB300C0AD39 /* libImGui.a */; };
		8075220028106DB300C0AD39 /* libGlad.a in Frameworks */ = {isa = PBXBuildFile; fileRef = 807521FD28106DB300C0AD39 /* libGlad.a */; };
		8075220128106DB300C0AD39 /* libGLFW.a in Frameworks */ = {isa = PBXBuildFile; fileRef = 807521FE28106DB300C0AD39 /* libGLFW.a */; };
		8075220428108FCF00C0AD39 /* Application.cpp in Sources */ = {isa = PBXBuildFile; fileRef = 8075220228108FCF00C0AD39 /* Application.cpp */; };
		80752208281095A400C0AD39 /* ImGuiBuild.cpp in Sources */ = {isa = PBXBuildFile; fileRef = 80752207281095A400C0AD39 /* ImGuiBuild.cpp */; };
		8075220A28109CA700C0AD39 /* EditorApplication.cpp in Sources */ = {isa = PBXBuildFile; fileRef = 8075220928109CA700C0AD39 /* EditorApplication.cpp */; };
		8075221D2810ADCB00C0AD39 /* Input.cpp in Sources */ = {isa = PBXBuildFile; fileRef = 8075221C2810ADCB00C0AD39 /* Input.cpp */; };
		8075223E2810B52900C0AD39 /* Framebuffer.cpp in Sources */ = {isa = PBXBuildFile; fileRef = 8075223C2810B52900C0AD39 /* Framebuffer.cpp */; };
		8075224A2811730B00C0AD39 /* RenderCommand.cpp in Sources */ = {isa = PBXBuildFile; fileRef = 807522482811730B00C0AD39 /* RenderCommand.cpp */; };
		8075224E2811764D00C0AD39 /* Shader.cpp in Sources */ = {isa = PBXBuildFile; fileRef = 8075224C2811764D00C0AD39 /* Shader.cpp */; };
		8075225428117AA500C0AD39 /* Utils.cpp in Sources */ = {isa = PBXBuildFile; fileRef = 8075225228117AA500C0AD39 /* Utils.cpp */; };
		8075225728117C6B00C0AD39 /* Buffer.cpp in Sources */ = {isa = PBXBuildFile; fileRef = 8075225528117C6B00C0AD39 /* Buffer.cpp */; };
		8075225A28117F0900C0AD39 /* VertexArray.cpp in Sources */ = {isa = PBXBuildFile; fileRef = 8075225828117F0900C0AD39 /* VertexArray.cpp */; };
		8075225E2811834700C0AD39 /* Renderer.cpp in Sources */ = {isa = PBXBuildFile; fileRef = 8075225C2811834700C0AD39 /* Renderer.cpp */; };
		80752262281191AE00C0AD39 /* ViewportPanel.cpp in Sources */ = {isa = PBXBuildFile; fileRef = 80752260281191AE00C0AD39 /* ViewportPanel.cpp */; };
		807E4B5728156B76004918CF /* VertexBufferConteiner.cpp in Sources */ = {isa = PBXBuildFile; fileRef = 807E4B5528156B76004918CF /* VertexBufferConteiner.cpp */; };
		807E4B5A28157EC4004918CF /* VertexView.cpp in Sources */ = {isa = PBXBuildFile; fileRef = 807E4B5828157EC4004918CF /* VertexView.cpp */; };
		80819A7C2816045D00E803B1 /* IndexView.cpp in Sources */ = {isa = PBXBuildFile; fileRef = 80819A7A2816045D00E803B1 /* IndexView.cpp */; };
		808FA13E281412B6009E669E /* UniformPanel.cpp in Sources */ = {isa = PBXBuildFile; fileRef = 808FA13C281412B6009E669E /* UniformPanel.cpp */; };
		808FA14628141B39009E669E /* UniformBufferConteiner.cpp in Sources */ = {isa = PBXBuildFile; fileRef = 808FA14428141B39009E669E /* UniformBufferConteiner.cpp */; };
		808FA14928142598009E669E /* ImGuiHelper.cpp in Sources */ = {isa = PBXBuildFile; fileRef = 808FA14728142598009E669E /* ImGuiHelper.cpp */; };
		80BDCBFE2819997400212D14 /* Mesh.cpp in Sources */ = {isa = PBXBuildFile; fileRef = 80BDCBFC2819997400212D14 /* Mesh.cpp */; };
		80BDCC0128199B5A00212D14 /* InspectorPanel.cpp in Sources */ = {isa = PBXBuildFile; fileRef = 80BDCBFF28199B5A00212D14 /* InspectorPanel.cpp */; };
		80C4915328122BE7009FC5E3 /* Log.cpp in Sources */ = {isa = PBXBuildFile; fileRef = 80C4915128122BE7009FC5E3 /* Log.cpp */; };
		80C4915F2812359E009FC5E3 /* OrthographicCamera.cpp in Sources */ = {isa = PBXBuildFile; fileRef = 80C4915E2812359E009FC5E3 /* OrthographicCamera.cpp */; };
		80DCD4592812BF3400610807 /* TextBufferView.cpp in Sources */ = {isa = PBXBuildFile; fileRef = 80DCD4572812BF3400610807 /* TextBufferView.cpp */; };
		80DCD45C2812C2C200610807 /* MacosXUtils.mm in Sources */ = {isa = PBXBuildFile; fileRef = 80DCD45B2812C2C200610807 /* MacosXUtils.mm */; };
		80DCD4662812CD5500610807 /* TextEditorPanel.cpp in Sources */ = {isa = PBXBuildFile; fileRef = 80DCD4642812CD5400610807 /* TextEditorPanel.cpp */; };
/* End PBXBuildFile section */

/* Begin PBXCopyFilesBuildPhase section */
		803AFF39281068F7005C6FA6 /* CopyFiles */ = {
			isa = PBXCopyFilesBuildPhase;
			buildActionMask = 2147483647;
			dstPath = /usr/share/man/man1/;
			dstSubfolderSpec = 0;
			files = (
			);
			runOnlyForDeploymentPostprocessing = 1;
		};
/* End PBXCopyFilesBuildPhase section */

/* Begin PBXFileReference section */
		8034BB572815E87900FB48D3 /* ImGuiInputSettings.cpp */ = {isa = PBXFileReference; lastKnownFileType = sourcecode.cpp.cpp; path = ImGuiInputSettings.cpp; sourceTree = "<group>"; };
		8034BB582815E87900FB48D3 /* ImGuiInputSettings.hpp */ = {isa = PBXFileReference; lastKnownFileType = sourcecode.cpp.h; path = ImGuiInputSettings.hpp; sourceTree = "<group>"; };
		803AFF3B281068F7005C6FA6 /* ShaderEditor */ = {isa = PBXFileReference; explicitFileType = "compiled.mach-o.executable"; includeInIndex = 0; path = ShaderEditor; sourceTree = BUILT_PRODUCTS_DIR; };
		803AFF3E281068F7005C6FA6 /* EntryPoint.cpp */ = {isa = PBXFileReference; lastKnownFileType = sourcecode.cpp.cpp; path = EntryPoint.cpp; sourceTree = "<group>"; };
		803B40BA2816F417006B89EA /* PipelinePanel.cpp */ = {isa = PBXFileReference; lastKnownFileType = sourcecode.cpp.cpp; path = PipelinePanel.cpp; sourceTree = "<group>"; };
		803B40BB2816F417006B89EA /* PipelinePanel.hpp */ = {isa = PBXFileReference; lastKnownFileType = sourcecode.cpp.h; path = PipelinePanel.hpp; sourceTree = "<group>"; };
		803B40D128175BE8006B89EA /* VertexArrayView.cpp */ = {isa = PBXFileReference; lastKnownFileType = sourcecode.cpp.cpp; path = VertexArrayView.cpp; sourceTree = "<group>"; };
		803B40D228175BE8006B89EA /* VertexArrayView.hpp */ = {isa = PBXFileReference; lastKnownFileType = sourcecode.cpp.h; path = VertexArrayView.hpp; sourceTree = "<group>"; };
		803B40D428175D29006B89EA /* ShaderPass.cpp */ = {isa = PBXFileReference; lastKnownFileType = sourcecode.cpp.cpp; path = ShaderPass.cpp; sourceTree = "<group>"; };
		803B40D528175D29006B89EA /* ShaderPass.hpp */ = {isa = PBXFileReference; lastKnownFileType = sourcecode.cpp.h; path = ShaderPass.hpp; sourceTree = "<group>"; };
		807521F428106CEB00C0AD39 /* ShaderEditor.entitlements */ = {isa = PBXFileReference; lastKnownFileType = text.plist.entitlements; path = ShaderEditor.entitlements; sourceTree = "<group>"; };
		807521F628106D6800C0AD39 /* OpenGL.framework */ = {isa = PBXFileReference; lastKnownFileType = wrapper.framework; name = OpenGL.framework; path = System/Library/Frameworks/OpenGL.framework; sourceTree = SDKROOT; };
		807521F828106D8600C0AD39 /* Cocoa.framework */ = {isa = PBXFileReference; lastKnownFileType = wrapper.framework; name = Cocoa.framework; path = System/Library/Frameworks/Cocoa.framework; sourceTree = SDKROOT; };
		807521FA28106D8D00C0AD39 /* IOKit.framework */ = {isa = PBXFileReference; lastKnownFileType = wrapper.framework; name = IOKit.framework; path = System/Library/Frameworks/IOKit.framework; sourceTree = SDKROOT; };
		807521FC28106DB300C0AD39 /* libImGui.a */ = {isa = PBXFileReference; lastKnownFileType = archive.ar; name = libImGui.a; path = Vendor/bin/libImGui.a; sourceTree = "<group>"; };
		807521FD28106DB300C0AD39 /* libGlad.a */ = {isa = PBXFileReference; lastKnownFileType = archive.ar; name = libGlad.a; path = Vendor/bin/libGlad.a; sourceTree = "<group>"; };
		807521FE28106DB300C0AD39 /* libGLFW.a */ = {isa = PBXFileReference; lastKnownFileType = archive.ar; name = libGLFW.a; path = Vendor/bin/libGLFW.a; sourceTree = "<group>"; };
		8075220228108FCF00C0AD39 /* Application.cpp */ = {isa = PBXFileReference; lastKnownFileType = sourcecode.cpp.cpp; path = Application.cpp; sourceTree = "<group>"; };
		8075220328108FCF00C0AD39 /* Application.hpp */ = {isa = PBXFileReference; lastKnownFileType = sourcecode.cpp.h; path = Application.hpp; sourceTree = "<group>"; };
		807522052810914800C0AD39 /* Layer.hpp */ = {isa = PBXFileReference; lastKnownFileType = sourcecode.cpp.h; path = Layer.hpp; sourceTree = "<group>"; };
		80752207281095A400C0AD39 /* ImGuiBuild.cpp */ = {isa = PBXFileReference; lastKnownFileType = sourcecode.cpp.cpp; path = ImGuiBuild.cpp; sourceTree = "<group>"; };
		8075220928109CA700C0AD39 /* EditorApplication.cpp */ = {isa = PBXFileReference; lastKnownFileType = sourcecode.cpp.cpp; path = EditorApplication.cpp; sourceTree = "<group>"; };
		8075220D2810A1DE00C0AD39 /* ApplicationEvent.hpp */ = {isa = PBXFileReference; lastKnownFileType = sourcecode.cpp.h; path = ApplicationEvent.hpp; sourceTree = "<group>"; };
		8075220E2810A1DE00C0AD39 /* Event.hpp */ = {isa = PBXFileReference; lastKnownFileType = sourcecode.cpp.h; path = Event.hpp; sourceTree = "<group>"; };
		8075220F2810A1DF00C0AD39 /* KeyEvent.hpp */ = {isa = PBXFileReference; lastKnownFileType = sourcecode.cpp.h; path = KeyEvent.hpp; sourceTree = "<group>"; };
		807522102810A1DF00C0AD39 /* MouseEvent.hpp */ = {isa = PBXFileReference; lastKnownFileType = sourcecode.cpp.h; path = MouseEvent.hpp; sourceTree = "<group>"; };
		807522132810A20A00C0AD39 /* Input.hpp */ = {isa = PBXFileReference; lastKnownFileType = sourcecode.cpp.h; path = Input.hpp; sourceTree = "<group>"; };
		807522142810A20A00C0AD39 /* KeyCodes.hpp */ = {isa = PBXFileReference; lastKnownFileType = sourcecode.cpp.h; path = KeyCodes.hpp; sourceTree = "<group>"; };
		807522152810A20B00C0AD39 /* MouseCodes.hpp */ = {isa = PBXFileReference; lastKnownFileType = sourcecode.cpp.h; path = MouseCodes.hpp; sourceTree = "<group>"; };
		807522162810A3F800C0AD39 /* Core.hpp */ = {isa = PBXFileReference; lastKnownFileType = sourcecode.cpp.h; path = Core.hpp; sourceTree = "<group>"; };
		8075221C2810ADCB00C0AD39 /* Input.cpp */ = {isa = PBXFileReference; lastKnownFileType = sourcecode.cpp.cpp; path = Input.cpp; sourceTree = "<group>"; };
		8075223C2810B52900C0AD39 /* Framebuffer.cpp */ = {isa = PBXFileReference; lastKnownFileType = sourcecode.cpp.cpp; path = Framebuffer.cpp; sourceTree = "<group>"; };
		8075223D2810B52900C0AD39 /* Framebuffer.hpp */ = {isa = PBXFileReference; lastKnownFileType = sourcecode.cpp.h; path = Framebuffer.hpp; sourceTree = "<group>"; };
		807522482811730B00C0AD39 /* RenderCommand.cpp */ = {isa = PBXFileReference; lastKnownFileType = sourcecode.cpp.cpp; path = RenderCommand.cpp; sourceTree = "<group>"; };
		807522492811730B00C0AD39 /* RenderCommand.hpp */ = {isa = PBXFileReference; lastKnownFileType = sourcecode.cpp.h; path = RenderCommand.hpp; sourceTree = "<group>"; };
		8075224B281174A000C0AD39 /* OpenGL.hpp */ = {isa = PBXFileReference; lastKnownFileType = sourcecode.cpp.h; path = OpenGL.hpp; sourceTree = "<group>"; };
		8075224C2811764D00C0AD39 /* Shader.cpp */ = {isa = PBXFileReference; lastKnownFileType = sourcecode.cpp.cpp; path = Shader.cpp; sourceTree = "<group>"; };
		8075224D2811764D00C0AD39 /* Shader.hpp */ = {isa = PBXFileReference; lastKnownFileType = sourcecode.cpp.h; path = Shader.hpp; sourceTree = "<group>"; };
		807522502811769A00C0AD39 /* Memory.hpp */ = {isa = PBXFileReference; lastKnownFileType = sourcecode.cpp.h; path = Memory.hpp; sourceTree = "<group>"; };
		8075225228117AA500C0AD39 /* Utils.cpp */ = {isa = PBXFileReference; lastKnownFileType = sourcecode.cpp.cpp; path = Utils.cpp; sourceTree = "<group>"; };
		8075225328117AA500C0AD39 /* Utils.hpp */ = {isa = PBXFileReference; lastKnownFileType = sourcecode.cpp.h; path = Utils.hpp; sourceTree = "<group>"; };
		8075225528117C6B00C0AD39 /* Buffer.cpp */ = {isa = PBXFileReference; lastKnownFileType = sourcecode.cpp.cpp; path = Buffer.cpp; sourceTree = "<group>"; };
		8075225628117C6B00C0AD39 /* Buffer.hpp */ = {isa = PBXFileReference; lastKnownFileType = sourcecode.cpp.h; path = Buffer.hpp; sourceTree = "<group>"; };
		8075225828117F0900C0AD39 /* VertexArray.cpp */ = {isa = PBXFileReference; lastKnownFileType = sourcecode.cpp.cpp; path = VertexArray.cpp; sourceTree = "<group>"; };
		8075225928117F0900C0AD39 /* VertexArray.hpp */ = {isa = PBXFileReference; lastKnownFileType = sourcecode.cpp.h; path = VertexArray.hpp; sourceTree = "<group>"; };
		8075225C2811834700C0AD39 /* Renderer.cpp */ = {isa = PBXFileReference; lastKnownFileType = sourcecode.cpp.cpp; path = Renderer.cpp; sourceTree = "<group>"; };
		8075225D2811834700C0AD39 /* Renderer.hpp */ = {isa = PBXFileReference; lastKnownFileType = sourcecode.cpp.h; path = Renderer.hpp; sourceTree = "<group>"; };
		80752260281191AE00C0AD39 /* ViewportPanel.cpp */ = {isa = PBXFileReference; lastKnownFileType = sourcecode.cpp.cpp; path = ViewportPanel.cpp; sourceTree = "<group>"; };
		80752261281191AE00C0AD39 /* ViewportPanel.hpp */ = {isa = PBXFileReference; lastKnownFileType = sourcecode.cpp.h; path = ViewportPanel.hpp; sourceTree = "<group>"; };
		807E4B5528156B76004918CF /* VertexBufferConteiner.cpp */ = {isa = PBXFileReference; lastKnownFileType = sourcecode.cpp.cpp; path = VertexBufferConteiner.cpp; sourceTree = "<group>"; };
		807E4B5628156B76004918CF /* VertexBufferConteiner.hpp */ = {isa = PBXFileReference; lastKnownFileType = sourcecode.cpp.h; path = VertexBufferConteiner.hpp; sourceTree = "<group>"; };
		807E4B5828157EC4004918CF /* VertexView.cpp */ = {isa = PBXFileReference; lastKnownFileType = sourcecode.cpp.cpp; path = VertexView.cpp; sourceTree = "<group>"; };
		807E4B5928157EC4004918CF /* VertexView.hpp */ = {isa = PBXFileReference; lastKnownFileType = sourcecode.cpp.h; path = VertexView.hpp; sourceTree = "<group>"; };
		80819A7A2816045D00E803B1 /* IndexView.cpp */ = {isa = PBXFileReference; lastKnownFileType = sourcecode.cpp.cpp; path = IndexView.cpp; sourceTree = "<group>"; };
		80819A7B2816045D00E803B1 /* IndexView.hpp */ = {isa = PBXFileReference; lastKnownFileType = sourcecode.cpp.h; path = IndexView.hpp; sourceTree = "<group>"; };
		808FA13C281412B6009E669E /* UniformPanel.cpp */ = {isa = PBXFileReference; lastKnownFileType = sourcecode.cpp.cpp; path = UniformPanel.cpp; sourceTree = "<group>"; };
		808FA13D281412B6009E669E /* UniformPanel.hpp */ = {isa = PBXFileReference; lastKnownFileType = sourcecode.cpp.h; path = UniformPanel.hpp; sourceTree = "<group>"; };
		808FA14428141B39009E669E /* UniformBufferConteiner.cpp */ = {isa = PBXFileReference; lastKnownFileType = sourcecode.cpp.cpp; path = UniformBufferConteiner.cpp; sourceTree = "<group>"; };
		808FA14528141B39009E669E /* UniformBufferConteiner.hpp */ = {isa = PBXFileReference; lastKnownFileType = sourcecode.cpp.h; path = UniformBufferConteiner.hpp; sourceTree = "<group>"; };
		808FA14728142598009E669E /* ImGuiHelper.cpp */ = {isa = PBXFileReference; fileEncoding = 4; lastKnownFileType = sourcecode.cpp.cpp; path = ImGuiHelper.cpp; sourceTree = "<group>"; };
		808FA14828142598009E669E /* ImGuiHelper.h */ = {isa = PBXFileReference; fileEncoding = 4; lastKnownFileType = sourcecode.c.h; path = ImGuiHelper.h; sourceTree = "<group>"; };
		80BDCBFC2819997400212D14 /* Mesh.cpp */ = {isa = PBXFileReference; lastKnownFileType = sourcecode.cpp.cpp; path = Mesh.cpp; sourceTree = "<group>"; };
		80BDCBFD2819997400212D14 /* Mesh.hpp */ = {isa = PBXFileReference; lastKnownFileType = sourcecode.cpp.h; path = Mesh.hpp; sourceTree = "<group>"; };
		80BDCBFF28199B5A00212D14 /* InspectorPanel.cpp */ = {isa = PBXFileReference; lastKnownFileType = sourcecode.cpp.cpp; path = InspectorPanel.cpp; sourceTree = "<group>"; };
		80BDCC0028199B5A00212D14 /* InspectorPanel.hpp */ = {isa = PBXFileReference; lastKnownFileType = sourcecode.cpp.h; path = InspectorPanel.hpp; sourceTree = "<group>"; };
		80C4915028122B2C009FC5E3 /* Assert.h */ = {isa = PBXFileReference; lastKnownFileType = sourcecode.c.h; path = Assert.h; sourceTree = "<group>"; };
		80C4915128122BE7009FC5E3 /* Log.cpp */ = {isa = PBXFileReference; lastKnownFileType = sourcecode.cpp.cpp; path = Log.cpp; sourceTree = "<group>"; };
		80C4915228122BE7009FC5E3 /* Log.hpp */ = {isa = PBXFileReference; lastKnownFileType = sourcecode.cpp.h; path = Log.hpp; sourceTree = "<group>"; };
		80C4915C28122E9D009FC5E3 /* PlatformDetection.h */ = {isa = PBXFileReference; lastKnownFileType = sourcecode.c.h; path = PlatformDetection.h; sourceTree = "<group>"; };
		80C4915D2812359E009FC5E3 /* OrthographicCamera.hpp */ = {isa = PBXFileReference; fileEncoding = 4; lastKnownFileType = sourcecode.cpp.h; path = OrthographicCamera.hpp; sourceTree = "<group>"; };
		80C4915E2812359E009FC5E3 /* OrthographicCamera.cpp */ = {isa = PBXFileReference; fileEncoding = 4; lastKnownFileType = sourcecode.cpp.cpp; path = OrthographicCamera.cpp; sourceTree = "<group>"; };
		80CA28292812F44500E53E94 /* Menlo-Regular.embed */ = {isa = PBXFileReference; lastKnownFileType = text; path = "Menlo-Regular.embed"; sourceTree = "<group>"; };
		80CA28342813462F00E53E94 /* pch.h */ = {isa = PBXFileReference; lastKnownFileType = sourcecode.c.h; path = pch.h; sourceTree = "<group>"; };
		80DCD4572812BF3400610807 /* TextBufferView.cpp */ = {isa = PBXFileReference; lastKnownFileType = sourcecode.cpp.cpp; path = TextBufferView.cpp; sourceTree = "<group>"; };
		80DCD4582812BF3400610807 /* TextBufferView.hpp */ = {isa = PBXFileReference; lastKnownFileType = sourcecode.cpp.h; path = TextBufferView.hpp; sourceTree = "<group>"; };
		80DCD45B2812C2C200610807 /* MacosXUtils.mm */ = {isa = PBXFileReference; lastKnownFileType = sourcecode.cpp.objcpp; path = MacosXUtils.mm; sourceTree = "<group>"; };
		80DCD4622812C83200610807 /* CoreGraphics.framework */ = {isa = PBXFileReference; lastKnownFileType = wrapper.framework; name = CoreGraphics.framework; path = System/Library/Frameworks/CoreGraphics.framework; sourceTree = SDKROOT; };
		80DCD4642812CD5400610807 /* TextEditorPanel.cpp */ = {isa = PBXFileReference; lastKnownFileType = sourcecode.cpp.cpp; path = TextEditorPanel.cpp; sourceTree = "<group>"; };
		80DCD4652812CD5400610807 /* TextEditorPanel.hpp */ = {isa = PBXFileReference; lastKnownFileType = sourcecode.cpp.h; path = TextEditorPanel.hpp; sourceTree = "<group>"; };
		80DCD46A2812E24900610807 /* Roboto-Regular.embed */ = {isa = PBXFileReference; lastKnownFileType = text; path = "Roboto-Regular.embed"; sourceTree = "<group>"; };
/* End PBXFileReference section */

/* Begin PBXFrameworksBuildPhase section */
		803AFF38281068F7005C6FA6 /* Frameworks */ = {
			isa = PBXFrameworksBuildPhase;
			buildActionMask = 2147483647;
			files = (
				807521FF28106DB300C0AD39 /* libImGui.a in Frameworks */,
				8075220028106DB300C0AD39 /* libGlad.a in Frameworks */,
				8075220128106DB300C0AD39 /* libGLFW.a in Frameworks */,
				807521FB28106D8D00C0AD39 /* IOKit.framework in Frameworks */,
				807521F928106D8600C0AD39 /* Cocoa.framework in Frameworks */,
				807521F728106D6800C0AD39 /* OpenGL.framework in Frameworks */,
			);
			runOnlyForDeploymentPostprocessing = 0;
		};
/* End PBXFrameworksBuildPhase section */

/* Begin PBXGroup section */
		803AFF32281068F7005C6FA6 = {
			isa = PBXGroup;
			children = (
				803AFF3D281068F7005C6FA6 /* ShaderEditor */,
				803AFF3C281068F7005C6FA6 /* Products */,
				807521F528106D6800C0AD39 /* Frameworks */,
			);
			sourceTree = "<group>";
		};
		803AFF3C281068F7005C6FA6 /* Products */ = {
			isa = PBXGroup;
			children = (
				803AFF3B281068F7005C6FA6 /* ShaderEditor */,
			);
			name = Products;
			sourceTree = "<group>";
		};
		803AFF3D281068F7005C6FA6 /* ShaderEditor */ = {
			isa = PBXGroup;
			children = (
				807521F428106CEB00C0AD39 /* ShaderEditor.entitlements */,
				8075220B2810A14100C0AD39 /* Core */,
				807522232810B3F800C0AD39 /* OpenGL */,
				8075225B2811832F00C0AD39 /* Renderer */,
				8075225F2811917100C0AD39 /* Editor */,
				8075220928109CA700C0AD39 /* EditorApplication.cpp */,
			);
			path = ShaderEditor;
			sourceTree = "<group>";
		};
		803B40BF2816F4B9006B89EA /* ImGui */ = {
			isa = PBXGroup;
			children = (
				8034BB572815E87900FB48D3 /* ImGuiInputSettings.cpp */,
				8034BB582815E87900FB48D3 /* ImGuiInputSettings.hpp */,
				808FA14728142598009E669E /* ImGuiHelper.cpp */,
				808FA14828142598009E669E /* ImGuiHelper.h */,
			);
			name = ImGui;
			sourceTree = "<group>";
		};
		803B40C02816F4D0006B89EA /* Viewport */ = {
			isa = PBXGroup;
			children = (
				80752260281191AE00C0AD39 /* ViewportPanel.cpp */,
				80752261281191AE00C0AD39 /* ViewportPanel.hpp */,
			);
			name = Viewport;
			sourceTree = "<group>";
		};
		803B40C12816F4DB006B89EA /* TextBuffer */ = {
			isa = PBXGroup;
			children = (
				80DCD4572812BF3400610807 /* TextBufferView.cpp */,
				80DCD4582812BF3400610807 /* TextBufferView.hpp */,
				80DCD4642812CD5400610807 /* TextEditorPanel.cpp */,
				80DCD4652812CD5400610807 /* TextEditorPanel.hpp */,
			);
			name = TextBuffer;
			sourceTree = "<group>";
		};
		803B40D828175FAE006B89EA /* VertexArrayView */ = {
			isa = PBXGroup;
			children = (
				803B40D128175BE8006B89EA /* VertexArrayView.cpp */,
				803B40D228175BE8006B89EA /* VertexArrayView.hpp */,
				807E4B5828157EC4004918CF /* VertexView.cpp */,
				807E4B5928157EC4004918CF /* VertexView.hpp */,
				80819A7A2816045D00E803B1 /* IndexView.cpp */,
				80819A7B2816045D00E803B1 /* IndexView.hpp */,
			);
			name = VertexArrayView;
			sourceTree = "<group>";
		};
		803B40DA281760F7006B89EA /* Uniform */ = {
			isa = PBXGroup;
			children = (
				808FA13C281412B6009E669E /* UniformPanel.cpp */,
				808FA13D281412B6009E669E /* UniformPanel.hpp */,
			);
			name = Uniform;
			sourceTree = "<group>";
		};
		807521F528106D6800C0AD39 /* Frameworks */ = {
			isa = PBXGroup;
			children = (
				80DCD4622812C83200610807 /* CoreGraphics.framework */,
				807521FD28106DB300C0AD39 /* libGlad.a */,
				807521FE28106DB300C0AD39 /* libGLFW.a */,
				807521FC28106DB300C0AD39 /* libImGui.a */,
				807521FA28106D8D00C0AD39 /* IOKit.framework */,
				807521F828106D8600C0AD39 /* Cocoa.framework */,
				807521F628106D6800C0AD39 /* OpenGL.framework */,
			);
			name = Frameworks;
			sourceTree = "<group>";
		};
		807522062810959000C0AD39 /* ImGui */ = {
			isa = PBXGroup;
			children = (
				80752207281095A400C0AD39 /* ImGuiBuild.cpp */,
				80DCD46A2812E24900610807 /* Roboto-Regular.embed */,
				80CA28292812F44500E53E94 /* Menlo-Regular.embed */,
			);
			path = ImGui;
			sourceTree = "<group>";
		};
		8075220B2810A14100C0AD39 /* Core */ = {
			isa = PBXGroup;
			children = (
				80DCD45A2812C28300610807 /* Platform */,
				807522122810A1F300C0AD39 /* Input */,
				8075220C2810A1C600C0AD39 /* Events */,
				807522062810959000C0AD39 /* ImGui */,
				803AFF3E281068F7005C6FA6 /* EntryPoint.cpp */,
				8075220228108FCF00C0AD39 /* Application.cpp */,
				8075220328108FCF00C0AD39 /* Application.hpp */,
				807522052810914800C0AD39 /* Layer.hpp */,
				807522162810A3F800C0AD39 /* Core.hpp */,
				807522502811769A00C0AD39 /* Memory.hpp */,
				8075225328117AA500C0AD39 /* Utils.hpp */,
				8075225228117AA500C0AD39 /* Utils.cpp */,
				80C4915028122B2C009FC5E3 /* Assert.h */,
				80C4915128122BE7009FC5E3 /* Log.cpp */,
				80C4915228122BE7009FC5E3 /* Log.hpp */,
				80C4915C28122E9D009FC5E3 /* PlatformDetection.h */,
				80CA28342813462F00E53E94 /* pch.h */,
			);
			path = Core;
			sourceTree = "<group>";
		};
		8075220C2810A1C600C0AD39 /* Events */ = {
			isa = PBXGroup;
			children = (
				8075220E2810A1DE00C0AD39 /* Event.hpp */,
				8075220D2810A1DE00C0AD39 /* ApplicationEvent.hpp */,
				8075220F2810A1DF00C0AD39 /* KeyEvent.hpp */,
				807522102810A1DF00C0AD39 /* MouseEvent.hpp */,
			);
			path = Events;
			sourceTree = "<group>";
		};
		807522122810A1F300C0AD39 /* Input */ = {
			isa = PBXGroup;
			children = (
				807522132810A20A00C0AD39 /* Input.hpp */,
				8075221C2810ADCB00C0AD39 /* Input.cpp */,
				807522142810A20A00C0AD39 /* KeyCodes.hpp */,
				807522152810A20B00C0AD39 /* MouseCodes.hpp */,
			);
			path = Input;
			sourceTree = "<group>";
		};
		807522232810B3F800C0AD39 /* OpenGL */ = {
			isa = PBXGroup;
			children = (
				8075223C2810B52900C0AD39 /* Framebuffer.cpp */,
				8075223D2810B52900C0AD39 /* Framebuffer.hpp */,
				807522482811730B00C0AD39 /* RenderCommand.cpp */,
				807522492811730B00C0AD39 /* RenderCommand.hpp */,
				8075224B281174A000C0AD39 /* OpenGL.hpp */,
				8075224C2811764D00C0AD39 /* Shader.cpp */,
				8075224D2811764D00C0AD39 /* Shader.hpp */,
				8075225528117C6B00C0AD39 /* Buffer.cpp */,
				8075225628117C6B00C0AD39 /* Buffer.hpp */,
				8075225828117F0900C0AD39 /* VertexArray.cpp */,
				8075225928117F0900C0AD39 /* VertexArray.hpp */,
			);
			path = OpenGL;
			sourceTree = "<group>";
		};
		8075225B2811832F00C0AD39 /* Renderer */ = {
			isa = PBXGroup;
			children = (
				8075225C2811834700C0AD39 /* Renderer.cpp */,
				8075225D2811834700C0AD39 /* Renderer.hpp */,
				80C4915E2812359E009FC5E3 /* OrthographicCamera.cpp */,
				80C4915D2812359E009FC5E3 /* OrthographicCamera.hpp */,
			);
			path = Renderer;
			sourceTree = "<group>";
		};
		8075225F2811917100C0AD39 /* Editor */ = {
			isa = PBXGroup;
			children = (
				80BDCC0228199C5E00212D14 /* InspectorPanel */,
				80BDCBFB2819971100212D14 /* Conteiners */,
				803B40DA281760F7006B89EA /* Uniform */,
				803B40BF2816F4B9006B89EA /* ImGui */,
				803B40C02816F4D0006B89EA /* Viewport */,
				803B40C12816F4DB006B89EA /* TextBuffer */,
				803B40D828175FAE006B89EA /* VertexArrayView */,
				803B40D428175D29006B89EA /* ShaderPass.cpp */,
				803B40D528175D29006B89EA /* ShaderPass.hpp */,
				803B40BA2816F417006B89EA /* PipelinePanel.cpp */,
				803B40BB2816F417006B89EA /* PipelinePanel.hpp */,
				80BDCBFC2819997400212D14 /* Mesh.cpp */,
				80BDCBFD2819997400212D14 /* Mesh.hpp */,
			);
			path = Editor;
			sourceTree = "<group>";
		};
		80BDCBFB2819971100212D14 /* Conteiners */ = {
			isa = PBXGroup;
			children = (
				807E4B5528156B76004918CF /* VertexBufferConteiner.cpp */,
				807E4B5628156B76004918CF /* VertexBufferConteiner.hpp */,
				808FA14428141B39009E669E /* UniformBufferConteiner.cpp */,
				808FA14528141B39009E669E /* UniformBufferConteiner.hpp */,
			);
			name = Conteiners;
			sourceTree = "<group>";
		};
		80BDCC0228199C5E00212D14 /* InspectorPanel */ = {
			isa = PBXGroup;
			children = (
				80BDCBFF28199B5A00212D14 /* InspectorPanel.cpp */,
				80BDCC0028199B5A00212D14 /* InspectorPanel.hpp */,
			);
			name = InspectorPanel;
			sourceTree = "<group>";
		};
		80DCD45A2812C28300610807 /* Platform */ = {
			isa = PBXGroup;
			children = (
				80DCD45B2812C2C200610807 /* MacosXUtils.mm */,
			);
			path = Platform;
			sourceTree = "<group>";
		};
/* End PBXGroup section */

/* Begin PBXNativeTarget section */
		803AFF3A281068F7005C6FA6 /* ShaderEditor */ = {
			isa = PBXNativeTarget;
			buildConfigurationList = 803AFF42281068F7005C6FA6 /* Build configuration list for PBXNativeTarget "ShaderEditor" */;
			buildPhases = (
				803AFF37281068F7005C6FA6 /* Sources */,
				803AFF38281068F7005C6FA6 /* Frameworks */,
				803AFF39281068F7005C6FA6 /* CopyFiles */,
			);
			buildRules = (
			);
			dependencies = (
			);
			name = ShaderEditor;
			productName = ShaderEditor;
			productReference = 803AFF3B281068F7005C6FA6 /* ShaderEditor */;
			productType = "com.apple.product-type.tool";
		};
/* End PBXNativeTarget section */

/* Begin PBXProject section */
		803AFF33281068F7005C6FA6 /* Project object */ = {
			isa = PBXProject;
			attributes = {
				BuildIndependentTargetsInParallel = 1;
				LastUpgradeCheck = 1330;
				TargetAttributes = {
					803AFF3A281068F7005C6FA6 = {
						CreatedOnToolsVersion = 13.3;
					};
				};
			};
			buildConfigurationList = 803AFF36281068F7005C6FA6 /* Build configuration list for PBXProject "ShaderEditor" */;
			compatibilityVersion = "Xcode 13.0";
			developmentRegion = en;
			hasScannedForEncodings = 0;
			knownRegions = (
				en,
				Base,
			);
			mainGroup = 803AFF32281068F7005C6FA6;
			productRefGroup = 803AFF3C281068F7005C6FA6 /* Products */;
			projectDirPath = "";
			projectRoot = "";
			targets = (
				803AFF3A281068F7005C6FA6 /* ShaderEditor */,
			);
		};
/* End PBXProject section */

/* Begin PBXSourcesBuildPhase section */
		803AFF37281068F7005C6FA6 /* Sources */ = {
			isa = PBXSourcesBuildPhase;
			buildActionMask = 2147483647;
			files = (
				808FA14628141B39009E669E /* UniformBufferConteiner.cpp in Sources */,
				8075225E2811834700C0AD39 /* Renderer.cpp in Sources */,
				8075225A28117F0900C0AD39 /* VertexArray.cpp in Sources */,
				8034BB592815E87900FB48D3 /* ImGuiInputSettings.cpp in Sources */,
				80BDCC0128199B5A00212D14 /* InspectorPanel.cpp in Sources */,
				808FA14928142598009E669E /* ImGuiHelper.cpp in Sources */,
				807E4B5A28157EC4004918CF /* VertexView.cpp in Sources */,
				8075220428108FCF00C0AD39 /* Application.cpp in Sources */,
				8075225728117C6B00C0AD39 /* Buffer.cpp in Sources */,
				80C4915328122BE7009FC5E3 /* Log.cpp in Sources */,
				808FA13E281412B6009E669E /* UniformPanel.cpp in Sources */,
				8075223E2810B52900C0AD39 /* Framebuffer.cpp in Sources */,
				8075224E2811764D00C0AD39 /* Shader.cpp in Sources */,
				80752208281095A400C0AD39 /* ImGuiBuild.cpp in Sources */,
				80DCD4662812CD5500610807 /* TextEditorPanel.cpp in Sources */,
				8075225428117AA500C0AD39 /* Utils.cpp in Sources */,
				80752262281191AE00C0AD39 /* ViewportPanel.cpp in Sources */,
				80819A7C2816045D00E803B1 /* IndexView.cpp in Sources */,
				803B40D628175D29006B89EA /* ShaderPass.cpp in Sources */,
				80DCD4592812BF3400610807 /* TextBufferView.cpp in Sources */,
				807E4B5728156B76004918CF /* VertexBufferConteiner.cpp in Sources */,
				8075224A2811730B00C0AD39 /* RenderCommand.cpp in Sources */,
				803B40D328175BE8006B89EA /* VertexArrayView.cpp in Sources */,
				803B40BC2816F417006B89EA /* PipelinePanel.cpp in Sources */,
				80C4915F2812359E009FC5E3 /* OrthographicCamera.cpp in Sources */,
				8075220A28109CA700C0AD39 /* EditorApplication.cpp in Sources */,
				80DCD45C2812C2C200610807 /* MacosXUtils.mm in Sources */,
				803AFF3F281068F7005C6FA6 /* EntryPoint.cpp in Sources */,
				80BDCBFE2819997400212D14 /* Mesh.cpp in Sources */,
				8075221D2810ADCB00C0AD39 /* Input.cpp in Sources */,
			);
			runOnlyForDeploymentPostprocessing = 0;
		};
/* End PBXSourcesBuildPhase section */

/* Begin XCBuildConfiguration section */
		803AFF40281068F7005C6FA6 /* Debug */ = {
			isa = XCBuildConfiguration;
			buildSettings = {
				ALWAYS_SEARCH_USER_PATHS = NO;
				CLANG_ANALYZER_NONNULL = YES;
				CLANG_ANALYZER_NUMBER_OBJECT_CONVERSION = YES_AGGRESSIVE;
				CLANG_CXX_LANGUAGE_STANDARD = "gnu++17";
				CLANG_ENABLE_MODULES = YES;
				CLANG_ENABLE_OBJC_ARC = YES;
				CLANG_ENABLE_OBJC_WEAK = YES;
				CLANG_WARN_BLOCK_CAPTURE_AUTORELEASING = YES;
				CLANG_WARN_BOOL_CONVERSION = YES;
				CLANG_WARN_COMMA = YES;
				CLANG_WARN_CONSTANT_CONVERSION = YES;
				CLANG_WARN_DEPRECATED_OBJC_IMPLEMENTATIONS = YES;
				CLANG_WARN_DIRECT_OBJC_ISA_USAGE = YES_ERROR;
				CLANG_WARN_DOCUMENTATION_COMMENTS = NO;
				CLANG_WARN_EMPTY_BODY = YES;
				CLANG_WARN_ENUM_CONVERSION = YES;
				CLANG_WARN_INFINITE_RECURSION = YES;
				CLANG_WARN_INT_CONVERSION = YES;
				CLANG_WARN_NON_LITERAL_NULL_CONVERSION = YES;
				CLANG_WARN_OBJC_IMPLICIT_RETAIN_SELF = YES;
				CLANG_WARN_OBJC_LITERAL_CONVERSION = YES;
				CLANG_WARN_OBJC_ROOT_CLASS = YES_ERROR;
				CLANG_WARN_QUOTED_INCLUDE_IN_FRAMEWORK_HEADER = YES;
				CLANG_WARN_RANGE_LOOP_ANALYSIS = YES;
				CLANG_WARN_STRICT_PROTOTYPES = YES;
				CLANG_WARN_SUSPICIOUS_MOVE = YES;
				CLANG_WARN_UNGUARDED_AVAILABILITY = YES_AGGRESSIVE;
				CLANG_WARN_UNREACHABLE_CODE = YES;
				CLANG_WARN__DUPLICATE_METHOD_MATCH = YES;
				COPY_PHASE_STRIP = NO;
				DEBUG_INFORMATION_FORMAT = dwarf;
				ENABLE_STRICT_OBJC_MSGSEND = YES;
				ENABLE_TESTABILITY = YES;
				GCC_C_LANGUAGE_STANDARD = gnu11;
				GCC_DYNAMIC_NO_PIC = NO;
				GCC_NO_COMMON_BLOCKS = YES;
				GCC_OPTIMIZATION_LEVEL = 0;
				GCC_PRECOMPILE_PREFIX_HEADER = YES;
				GCC_PREFIX_HEADER = ShaderEditor/Core/pch.h;
				GCC_PREPROCESSOR_DEFINITIONS = (
					"DEBUG=1",
					"$(inherited)",
					GL_SILENCE_DEPRECATION,
				);
				GCC_WARN_64_TO_32_BIT_CONVERSION = YES;
				GCC_WARN_ABOUT_RETURN_TYPE = YES_ERROR;
				GCC_WARN_UNDECLARED_SELECTOR = YES;
				GCC_WARN_UNINITIALIZED_AUTOS = YES_AGGRESSIVE;
				GCC_WARN_UNUSED_FUNCTION = YES;
				GCC_WARN_UNUSED_VARIABLE = YES;
				MACOSX_DEPLOYMENT_TARGET = 12.3;
				MTL_ENABLE_DEBUG_INFO = INCLUDE_SOURCE;
				MTL_FAST_MATH = YES;
				ONLY_ACTIVE_ARCH = YES;
				SDKROOT = macosx;
			};
			name = Debug;
		};
		803AFF41281068F7005C6FA6 /* Release */ = {
			isa = XCBuildConfiguration;
			buildSettings = {
				ALWAYS_SEARCH_USER_PATHS = NO;
				CLANG_ANALYZER_NONNULL = YES;
				CLANG_ANALYZER_NUMBER_OBJECT_CONVERSION = YES_AGGRESSIVE;
				CLANG_CXX_LANGUAGE_STANDARD = "gnu++17";
				CLANG_ENABLE_MODULES = YES;
				CLANG_ENABLE_OBJC_ARC = YES;
				CLANG_ENABLE_OBJC_WEAK = YES;
				CLANG_WARN_BLOCK_CAPTURE_AUTORELEASING = YES;
				CLANG_WARN_BOOL_CONVERSION = YES;
				CLANG_WARN_COMMA = YES;
				CLANG_WARN_CONSTANT_CONVERSION = YES;
				CLANG_WARN_DEPRECATED_OBJC_IMPLEMENTATIONS = YES;
				CLANG_WARN_DIRECT_OBJC_ISA_USAGE = YES_ERROR;
				CLANG_WARN_DOCUMENTATION_COMMENTS = NO;
				CLANG_WARN_EMPTY_BODY = YES;
				CLANG_WARN_ENUM_CONVERSION = YES;
				CLANG_WARN_INFINITE_RECURSION = YES;
				CLANG_WARN_INT_CONVERSION = YES;
				CLANG_WARN_NON_LITERAL_NULL_CONVERSION = YES;
				CLANG_WARN_OBJC_IMPLICIT_RETAIN_SELF = YES;
				CLANG_WARN_OBJC_LITERAL_CONVERSION = YES;
				CLANG_WARN_OBJC_ROOT_CLASS = YES_ERROR;
				CLANG_WARN_QUOTED_INCLUDE_IN_FRAMEWORK_HEADER = YES;
				CLANG_WARN_RANGE_LOOP_ANALYSIS = YES;
				CLANG_WARN_STRICT_PROTOTYPES = YES;
				CLANG_WARN_SUSPICIOUS_MOVE = YES;
				CLANG_WARN_UNGUARDED_AVAILABILITY = YES_AGGRESSIVE;
				CLANG_WARN_UNREACHABLE_CODE = YES;
				CLANG_WARN__DUPLICATE_METHOD_MATCH = YES;
				COPY_PHASE_STRIP = NO;
				DEBUG_INFORMATION_FORMAT = "dwarf-with-dsym";
				ENABLE_NS_ASSERTIONS = NO;
				ENABLE_STRICT_OBJC_MSGSEND = YES;
				GCC_C_LANGUAGE_STANDARD = gnu11;
				GCC_NO_COMMON_BLOCKS = YES;
				GCC_PRECOMPILE_PREFIX_HEADER = YES;
				GCC_PREFIX_HEADER = ShaderEditor/Core/pch.h;
				GCC_PREPROCESSOR_DEFINITIONS = GL_SILENCE_DEPRECATION;
				GCC_WARN_64_TO_32_BIT_CONVERSION = YES;
				GCC_WARN_ABOUT_RETURN_TYPE = YES_ERROR;
				GCC_WARN_UNDECLARED_SELECTOR = YES;
				GCC_WARN_UNINITIALIZED_AUTOS = YES_AGGRESSIVE;
				GCC_WARN_UNUSED_FUNCTION = YES;
				GCC_WARN_UNUSED_VARIABLE = YES;
				MACOSX_DEPLOYMENT_TARGET = 12.3;
				MTL_ENABLE_DEBUG_INFO = NO;
				MTL_FAST_MATH = YES;
				SDKROOT = macosx;
			};
			name = Release;
		};
		803AFF43281068F7005C6FA6 /* Debug */ = {
			isa = XCBuildConfiguration;
			buildSettings = {
				CLANG_ENABLE_OBJC_ARC = YES;
				CLANG_ENABLE_OBJC_WEAK = YES;
				CLANG_WARN_DOCUMENTATION_COMMENTS = NO;
				CODE_SIGN_ENTITLEMENTS = ShaderEditor/ShaderEditor.entitlements;
				CODE_SIGN_STYLE = Automatic;
				DEVELOPMENT_TEAM = UF3GNY88D9;
				ENABLE_HARDENED_RUNTIME = YES;
				GCC_PREPROCESSOR_DEFINITIONS = (
					"DEBUG=1",
					"$(inherited)",
					GL_SILENCE_DEPRECATION,
					EN_DEBUG,
				);
				HEADER_SEARCH_PATHS = (
					Vendor/GLFW/include,
					Vendor/Glad/include,
					Vendor/glm,
					Vendor/imgui,
					Vendor/spdlog/include,
					ShaderEditor,
				);
				LIBRARY_SEARCH_PATHS = (
					Vendor/bin,
					"$(PROJECT_DIR)/Vendor/bin",
				);
				MACOSX_DEPLOYMENT_TARGET = 12.3;
				PRODUCT_NAME = "$(TARGET_NAME)";
				VALIDATE_WORKSPACE_SKIPPED_SDK_FRAMEWORKS = OpenGL;
			};
			name = Debug;
		};
		803AFF44281068F7005C6FA6 /* Release */ = {
			isa = XCBuildConfiguration;
			buildSettings = {
				CLANG_ENABLE_OBJC_ARC = YES;
				CLANG_ENABLE_OBJC_WEAK = YES;
				CLANG_WARN_DOCUMENTATION_COMMENTS = NO;
				CODE_SIGN_ENTITLEMENTS = ShaderEditor/ShaderEditor.entitlements;
				CODE_SIGN_STYLE = Automatic;
				DEVELOPMENT_TEAM = UF3GNY88D9;
				ENABLE_HARDENED_RUNTIME = YES;
				HEADER_SEARCH_PATHS = (
					Vendor/GLFW/include,
					Vendor/Glad/include,
					Vendor/glm,
					Vendor/imgui,
					Vendor/spdlog/include,
					ShaderEditor,
				);
				LIBRARY_SEARCH_PATHS = (
					Vendor/bin,
					"$(PROJECT_DIR)/Vendor/bin",
				);
				MACOSX_DEPLOYMENT_TARGET = 12.3;
				PRODUCT_NAME = "$(TARGET_NAME)";
				VALIDATE_WORKSPACE_SKIPPED_SDK_FRAMEWORKS = OpenGL;
			};
			name = Release;
		};
/* End XCBuildConfiguration section */

/* Begin XCConfigurationList section */
		803AFF36281068F7005C6FA6 /* Build configuration list for PBXProject "ShaderEditor" */ = {
			isa = XCConfigurationList;
			buildConfigurations = (
				803AFF40281068F7005C6FA6 /* Debug */,
				803AFF41281068F7005C6FA6 /* Release */,
			);
			defaultConfigurationIsVisible = 0;
			defaultConfigurationName = Release;
		};
		803AFF42281068F7005C6FA6 /* Build configuration list for PBXNativeTarget "ShaderEditor" */ = {
			isa = XCConfigurationList;
			buildConfigurations = (
				803AFF43281068F7005C6FA6 /* Debug */,
				803AFF44281068F7005C6FA6 /* Release */,
			);
			defaultConfigurationIsVisible = 0;
			defaultConfigurationName = Release;
		};
/* End XCConfigurationList section */
	};
	rootObject = 803AFF33281068F7005C6FA6 /* Project object */;
}
