// !$*UTF8*$!
{
	archiveVersion = 1;
	classes = {
	};
	objectVersion = 55;
	objects = {

/* Begin PBXBuildFile section */
		803AFF3F281068F7005C6FA6 /* EntryPoint.hpp in Sources */ = {isa = PBXBuildFile; fileRef = 803AFF3E281068F7005C6FA6 /* EntryPoint.hpp */; };
		807521F728106D6800C0AD39 /* OpenGL.framework in Frameworks */ = {isa = PBXBuildFile; fileRef = 807521F628106D6800C0AD39 /* OpenGL.framework */; };
		807521F928106D8600C0AD39 /* Cocoa.framework in Frameworks */ = {isa = PBXBuildFile; fileRef = 807521F828106D8600C0AD39 /* Cocoa.framework */; };
		807521FB28106D8D00C0AD39 /* IOKit.framework in Frameworks */ = {isa = PBXBuildFile; fileRef = 807521FA28106D8D00C0AD39 /* IOKit.framework */; };
		807521FF28106DB300C0AD39 /* libImGui.a in Frameworks */ = {isa = PBXBuildFile; fileRef = 807521FC28106DB300C0AD39 /* libImGui.a */; };
		8075220028106DB300C0AD39 /* libGlad.a in Frameworks */ = {isa = PBXBuildFile; fileRef = 807521FD28106DB300C0AD39 /* libGlad.a */; };
		8075220128106DB300C0AD39 /* libGLFW.a in Frameworks */ = {isa = PBXBuildFile; fileRef = 807521FE28106DB300C0AD39 /* libGLFW.a */; };
		8075220428108FCF00C0AD39 /* Application.cpp in Sources */ = {isa = PBXBuildFile; fileRef = 8075220228108FCF00C0AD39 /* Application.cpp */; };
		80752208281095A400C0AD39 /* ImGuiBuild.cpp in Sources */ = {isa = PBXBuildFile; fileRef = 80752207281095A400C0AD39 /* ImGuiBuild.cpp */; };
		8075220A28109CA700C0AD39 /* Editor.cpp in Sources */ = {isa = PBXBuildFile; fileRef = 8075220928109CA700C0AD39 /* Editor.cpp */; };
/* End PBXBuildFile section */

/* Begin PBXCopyFilesBuildPhase section */
		803AFF39281068F7005C6FA6 /* CopyFiles */ = {
			isa = PBXCopyFilesBuildPhase;
			buildActionMask = 2147483647;
			dstPath = /usr/share/man/man1/;
			dstSubfolderSpec = 0;
			files = (
			);
			runOnlyForDeploymentPostprocessing = 1;
		};
/* End PBXCopyFilesBuildPhase section */

/* Begin PBXFileReference section */
		803AFF3B281068F7005C6FA6 /* ShaderEditor */ = {isa = PBXFileReference; explicitFileType = "compiled.mach-o.executable"; includeInIndex = 0; path = ShaderEditor; sourceTree = BUILT_PRODUCTS_DIR; };
		803AFF3E281068F7005C6FA6 /* EntryPoint.hpp */ = {isa = PBXFileReference; lastKnownFileType = sourcecode.cpp.h; path = EntryPoint.hpp; sourceTree = "<group>"; };
		807521F428106CEB00C0AD39 /* ShaderEditor.entitlements */ = {isa = PBXFileReference; lastKnownFileType = text.plist.entitlements; path = ShaderEditor.entitlements; sourceTree = "<group>"; };
		807521F628106D6800C0AD39 /* OpenGL.framework */ = {isa = PBXFileReference; lastKnownFileType = wrapper.framework; name = OpenGL.framework; path = System/Library/Frameworks/OpenGL.framework; sourceTree = SDKROOT; };
		807521F828106D8600C0AD39 /* Cocoa.framework */ = {isa = PBXFileReference; lastKnownFileType = wrapper.framework; name = Cocoa.framework; path = System/Library/Frameworks/Cocoa.framework; sourceTree = SDKROOT; };
		807521FA28106D8D00C0AD39 /* IOKit.framework */ = {isa = PBXFileReference; lastKnownFileType = wrapper.framework; name = IOKit.framework; path = System/Library/Frameworks/IOKit.framework; sourceTree = SDKROOT; };
		807521FC28106DB300C0AD39 /* libImGui.a */ = {isa = PBXFileReference; lastKnownFileType = archive.ar; name = libImGui.a; path = Vendor/bin/libImGui.a; sourceTree = "<group>"; };
		807521FD28106DB300C0AD39 /* libGlad.a */ = {isa = PBXFileReference; lastKnownFileType = archive.ar; name = libGlad.a; path = Vendor/bin/libGlad.a; sourceTree = "<group>"; };
		807521FE28106DB300C0AD39 /* libGLFW.a */ = {isa = PBXFileReference; lastKnownFileType = archive.ar; name = libGLFW.a; path = Vendor/bin/libGLFW.a; sourceTree = "<group>"; };
		8075220228108FCF00C0AD39 /* Application.cpp */ = {isa = PBXFileReference; lastKnownFileType = sourcecode.cpp.cpp; path = Application.cpp; sourceTree = "<group>"; };
		8075220328108FCF00C0AD39 /* Application.hpp */ = {isa = PBXFileReference; lastKnownFileType = sourcecode.cpp.h; path = Application.hpp; sourceTree = "<group>"; };
		807522052810914800C0AD39 /* Layer.h */ = {isa = PBXFileReference; lastKnownFileType = sourcecode.c.h; path = Layer.h; sourceTree = "<group>"; };
		80752207281095A400C0AD39 /* ImGuiBuild.cpp */ = {isa = PBXFileReference; lastKnownFileType = sourcecode.cpp.cpp; path = ImGuiBuild.cpp; sourceTree = "<group>"; };
		8075220928109CA700C0AD39 /* Editor.cpp */ = {isa = PBXFileReference; lastKnownFileType = sourcecode.cpp.cpp; path = Editor.cpp; sourceTree = "<group>"; };
/* End PBXFileReference section */

/* Begin PBXFrameworksBuildPhase section */
		803AFF38281068F7005C6FA6 /* Frameworks */ = {
			isa = PBXFrameworksBuildPhase;
			buildActionMask = 2147483647;
			files = (
				807521FF28106DB300C0AD39 /* libImGui.a in Frameworks */,
				8075220028106DB300C0AD39 /* libGlad.a in Frameworks */,
				8075220128106DB300C0AD39 /* libGLFW.a in Frameworks */,
				807521FB28106D8D00C0AD39 /* IOKit.framework in Frameworks */,
				807521F928106D8600C0AD39 /* Cocoa.framework in Frameworks */,
				807521F728106D6800C0AD39 /* OpenGL.framework in Frameworks */,
			);
			runOnlyForDeploymentPostprocessing = 0;
		};
/* End PBXFrameworksBuildPhase section */

/* Begin PBXGroup section */
		803AFF32281068F7005C6FA6 = {
			isa = PBXGroup;
			children = (
				803AFF3D281068F7005C6FA6 /* ShaderEditor */,
				803AFF3C281068F7005C6FA6 /* Products */,
				807521F528106D6800C0AD39 /* Frameworks */,
			);
			sourceTree = "<group>";
		};
		803AFF3C281068F7005C6FA6 /* Products */ = {
			isa = PBXGroup;
			children = (
				803AFF3B281068F7005C6FA6 /* ShaderEditor */,
			);
			name = Products;
			sourceTree = "<group>";
		};
		803AFF3D281068F7005C6FA6 /* ShaderEditor */ = {
			isa = PBXGroup;
			children = (
				807521F428106CEB00C0AD39 /* ShaderEditor.entitlements */,
				8075220B2810A14100C0AD39 /* Core */,
				8075220928109CA700C0AD39 /* Editor.cpp */,
			);
			path = ShaderEditor;
			sourceTree = "<group>";
		};
		807521F528106D6800C0AD39 /* Frameworks */ = {
			isa = PBXGroup;
			children = (
				807521FD28106DB300C0AD39 /* libGlad.a */,
				807521FE28106DB300C0AD39 /* libGLFW.a */,
				807521FC28106DB300C0AD39 /* libImGui.a */,
				807521FA28106D8D00C0AD39 /* IOKit.framework */,
				807521F828106D8600C0AD39 /* Cocoa.framework */,
				807521F628106D6800C0AD39 /* OpenGL.framework */,
			);
			name = Frameworks;
			sourceTree = "<group>";
		};
		807522062810959000C0AD39 /* ImGui */ = {
			isa = PBXGroup;
			children = (
				80752207281095A400C0AD39 /* ImGuiBuild.cpp */,
			);
			path = ImGui;
			sourceTree = "<group>";
		};
		8075220B2810A14100C0AD39 /* Core */ = {
			isa = PBXGroup;
			children = (
				807522062810959000C0AD39 /* ImGui */,
				803AFF3E281068F7005C6FA6 /* EntryPoint.hpp */,
				8075220228108FCF00C0AD39 /* Application.cpp */,
				8075220328108FCF00C0AD39 /* Application.hpp */,
				807522052810914800C0AD39 /* Layer.h */,
			);
			path = Core;
			sourceTree = "<group>";
		};
/* End PBXGroup section */

/* Begin PBXNativeTarget section */
		803AFF3A281068F7005C6FA6 /* ShaderEditor */ = {
			isa = PBXNativeTarget;
			buildConfigurationList = 803AFF42281068F7005C6FA6 /* Build configuration list for PBXNativeTarget "ShaderEditor" */;
			buildPhases = (
				803AFF37281068F7005C6FA6 /* Sources */,
				803AFF38281068F7005C6FA6 /* Frameworks */,
				803AFF39281068F7005C6FA6 /* CopyFiles */,
			);
			buildRules = (
			);
			dependencies = (
			);
			name = ShaderEditor;
			productName = ShaderEditor;
			productReference = 803AFF3B281068F7005C6FA6 /* ShaderEditor */;
			productType = "com.apple.product-type.tool";
		};
/* End PBXNativeTarget section */

/* Begin PBXProject section */
		803AFF33281068F7005C6FA6 /* Project object */ = {
			isa = PBXProject;
			attributes = {
				BuildIndependentTargetsInParallel = 1;
				LastUpgradeCheck = 1330;
				TargetAttributes = {
					803AFF3A281068F7005C6FA6 = {
						CreatedOnToolsVersion = 13.3;
					};
				};
			};
			buildConfigurationList = 803AFF36281068F7005C6FA6 /* Build configuration list for PBXProject "ShaderEditor" */;
			compatibilityVersion = "Xcode 13.0";
			developmentRegion = en;
			hasScannedForEncodings = 0;
			knownRegions = (
				en,
				Base,
			);
			mainGroup = 803AFF32281068F7005C6FA6;
			productRefGroup = 803AFF3C281068F7005C6FA6 /* Products */;
			projectDirPath = "";
			projectRoot = "";
			targets = (
				803AFF3A281068F7005C6FA6 /* ShaderEditor */,
			);
		};
/* End PBXProject section */

/* Begin PBXSourcesBuildPhase section */
		803AFF37281068F7005C6FA6 /* Sources */ = {
			isa = PBXSourcesBuildPhase;
			buildActionMask = 2147483647;
			files = (
				8075220428108FCF00C0AD39 /* Application.cpp in Sources */,
				80752208281095A400C0AD39 /* ImGuiBuild.cpp in Sources */,
				8075220A28109CA700C0AD39 /* Editor.cpp in Sources */,
				803AFF3F281068F7005C6FA6 /* EntryPoint.hpp in Sources */,
			);
			runOnlyForDeploymentPostprocessing = 0;
		};
/* End PBXSourcesBuildPhase section */

/* Begin XCBuildConfiguration section */
		803AFF40281068F7005C6FA6 /* Debug */ = {
			isa = XCBuildConfiguration;
			buildSettings = {
				ALWAYS_SEARCH_USER_PATHS = NO;
				CLANG_ANALYZER_NONNULL = YES;
				CLANG_ANALYZER_NUMBER_OBJECT_CONVERSION = YES_AGGRESSIVE;
				CLANG_CXX_LANGUAGE_STANDARD = "gnu++17";
				CLANG_ENABLE_MODULES = YES;
				CLANG_ENABLE_OBJC_ARC = YES;
				CLANG_ENABLE_OBJC_WEAK = YES;
				CLANG_WARN_BLOCK_CAPTURE_AUTORELEASING = YES;
				CLANG_WARN_BOOL_CONVERSION = YES;
				CLANG_WARN_COMMA = YES;
				CLANG_WARN_CONSTANT_CONVERSION = YES;
				CLANG_WARN_DEPRECATED_OBJC_IMPLEMENTATIONS = YES;
				CLANG_WARN_DIRECT_OBJC_ISA_USAGE = YES_ERROR;
				CLANG_WARN_DOCUMENTATION_COMMENTS = NO;
				CLANG_WARN_EMPTY_BODY = YES;
				CLANG_WARN_ENUM_CONVERSION = YES;
				CLANG_WARN_INFINITE_RECURSION = YES;
				CLANG_WARN_INT_CONVERSION = YES;
				CLANG_WARN_NON_LITERAL_NULL_CONVERSION = YES;
				CLANG_WARN_OBJC_IMPLICIT_RETAIN_SELF = YES;
				CLANG_WARN_OBJC_LITERAL_CONVERSION = YES;
				CLANG_WARN_OBJC_ROOT_CLASS = YES_ERROR;
				CLANG_WARN_QUOTED_INCLUDE_IN_FRAMEWORK_HEADER = YES;
				CLANG_WARN_RANGE_LOOP_ANALYSIS = YES;
				CLANG_WARN_STRICT_PROTOTYPES = YES;
				CLANG_WARN_SUSPICIOUS_MOVE = YES;
				CLANG_WARN_UNGUARDED_AVAILABILITY = YES_AGGRESSIVE;
				CLANG_WARN_UNREACHABLE_CODE = YES;
				CLANG_WARN__DUPLICATE_METHOD_MATCH = YES;
				COPY_PHASE_STRIP = NO;
				DEBUG_INFORMATION_FORMAT = dwarf;
				ENABLE_STRICT_OBJC_MSGSEND = YES;
				ENABLE_TESTABILITY = YES;
				GCC_C_LANGUAGE_STANDARD = gnu11;
				GCC_DYNAMIC_NO_PIC = NO;
				GCC_NO_COMMON_BLOCKS = YES;
				GCC_OPTIMIZATION_LEVEL = 0;
				GCC_PREPROCESSOR_DEFINITIONS = (
					"DEBUG=1",
					"$(inherited)",
					GL_SILENCE_DEPRECATION,
				);
				GCC_WARN_64_TO_32_BIT_CONVERSION = YES;
				GCC_WARN_ABOUT_RETURN_TYPE = YES_ERROR;
				GCC_WARN_UNDECLARED_SELECTOR = YES;
				GCC_WARN_UNINITIALIZED_AUTOS = YES_AGGRESSIVE;
				GCC_WARN_UNUSED_FUNCTION = YES;
				GCC_WARN_UNUSED_VARIABLE = YES;
				MACOSX_DEPLOYMENT_TARGET = 12.3;
				MTL_ENABLE_DEBUG_INFO = INCLUDE_SOURCE;
				MTL_FAST_MATH = YES;
				ONLY_ACTIVE_ARCH = YES;
				SDKROOT = macosx;
			};
			name = Debug;
		};
		803AFF41281068F7005C6FA6 /* Release */ = {
			isa = XCBuildConfiguration;
			buildSettings = {
				ALWAYS_SEARCH_USER_PATHS = NO;
				CLANG_ANALYZER_NONNULL = YES;
				CLANG_ANALYZER_NUMBER_OBJECT_CONVERSION = YES_AGGRESSIVE;
				CLANG_CXX_LANGUAGE_STANDARD = "gnu++17";
				CLANG_ENABLE_MODULES = YES;
				CLANG_ENABLE_OBJC_ARC = YES;
				CLANG_ENABLE_OBJC_WEAK = YES;
				CLANG_WARN_BLOCK_CAPTURE_AUTORELEASING = YES;
				CLANG_WARN_BOOL_CONVERSION = YES;
				CLANG_WARN_COMMA = YES;
				CLANG_WARN_CONSTANT_CONVERSION = YES;
				CLANG_WARN_DEPRECATED_OBJC_IMPLEMENTATIONS = YES;
				CLANG_WARN_DIRECT_OBJC_ISA_USAGE = YES_ERROR;
				CLANG_WARN_DOCUMENTATION_COMMENTS = NO;
				CLANG_WARN_EMPTY_BODY = YES;
				CLANG_WARN_ENUM_CONVERSION = YES;
				CLANG_WARN_INFINITE_RECURSION = YES;
				CLANG_WARN_INT_CONVERSION = YES;
				CLANG_WARN_NON_LITERAL_NULL_CONVERSION = YES;
				CLANG_WARN_OBJC_IMPLICIT_RETAIN_SELF = YES;
				CLANG_WARN_OBJC_LITERAL_CONVERSION = YES;
				CLANG_WARN_OBJC_ROOT_CLASS = YES_ERROR;
				CLANG_WARN_QUOTED_INCLUDE_IN_FRAMEWORK_HEADER = YES;
				CLANG_WARN_RANGE_LOOP_ANALYSIS = YES;
				CLANG_WARN_STRICT_PROTOTYPES = YES;
				CLANG_WARN_SUSPICIOUS_MOVE = YES;
				CLANG_WARN_UNGUARDED_AVAILABILITY = YES_AGGRESSIVE;
				CLANG_WARN_UNREACHABLE_CODE = YES;
				CLANG_WARN__DUPLICATE_METHOD_MATCH = YES;
				COPY_PHASE_STRIP = NO;
				DEBUG_INFORMATION_FORMAT = "dwarf-with-dsym";
				ENABLE_NS_ASSERTIONS = NO;
				ENABLE_STRICT_OBJC_MSGSEND = YES;
				GCC_C_LANGUAGE_STANDARD = gnu11;
				GCC_NO_COMMON_BLOCKS = YES;
				GCC_PREPROCESSOR_DEFINITIONS = GL_SILENCE_DEPRECATION;
				GCC_WARN_64_TO_32_BIT_CONVERSION = YES;
				GCC_WARN_ABOUT_RETURN_TYPE = YES_ERROR;
				GCC_WARN_UNDECLARED_SELECTOR = YES;
				GCC_WARN_UNINITIALIZED_AUTOS = YES_AGGRESSIVE;
				GCC_WARN_UNUSED_FUNCTION = YES;
				GCC_WARN_UNUSED_VARIABLE = YES;
				MACOSX_DEPLOYMENT_TARGET = 12.3;
				MTL_ENABLE_DEBUG_INFO = NO;
				MTL_FAST_MATH = YES;
				SDKROOT = macosx;
			};
			name = Release;
		};
		803AFF43281068F7005C6FA6 /* Debug */ = {
			isa = XCBuildConfiguration;
			buildSettings = {
				CLANG_WARN_DOCUMENTATION_COMMENTS = NO;
				CODE_SIGN_ENTITLEMENTS = ShaderEditor/ShaderEditor.entitlements;
				CODE_SIGN_STYLE = Automatic;
				DEVELOPMENT_TEAM = UF3GNY88D9;
				ENABLE_HARDENED_RUNTIME = YES;
				HEADER_SEARCH_PATHS = (
					Vendor/GLFW/include,
					Vendor/Glad/include,
					Vendor/glm,
					Vendor/imgui,
					Vendor/spdlog/include,
				);
				LIBRARY_SEARCH_PATHS = (
					Vendor/bin,
					"$(PROJECT_DIR)/Vendor/bin",
				);
				PRODUCT_NAME = "$(TARGET_NAME)";
				VALIDATE_WORKSPACE_SKIPPED_SDK_FRAMEWORKS = OpenGL;
			};
			name = Debug;
		};
		803AFF44281068F7005C6FA6 /* Release */ = {
			isa = XCBuildConfiguration;
			buildSettings = {
				CLANG_WARN_DOCUMENTATION_COMMENTS = NO;
				CODE_SIGN_ENTITLEMENTS = ShaderEditor/ShaderEditor.entitlements;
				CODE_SIGN_STYLE = Automatic;
				DEVELOPMENT_TEAM = UF3GNY88D9;
				ENABLE_HARDENED_RUNTIME = YES;
				HEADER_SEARCH_PATHS = (
					Vendor/GLFW/include,
					Vendor/Glad/include,
					Vendor/glm,
					Vendor/imgui,
					Vendor/spdlog/include,
				);
				LIBRARY_SEARCH_PATHS = (
					Vendor/bin,
					"$(PROJECT_DIR)/Vendor/bin",
				);
				PRODUCT_NAME = "$(TARGET_NAME)";
				VALIDATE_WORKSPACE_SKIPPED_SDK_FRAMEWORKS = OpenGL;
			};
			name = Release;
		};
/* End XCBuildConfiguration section */

/* Begin XCConfigurationList section */
		803AFF36281068F7005C6FA6 /* Build configuration list for PBXProject "ShaderEditor" */ = {
			isa = XCConfigurationList;
			buildConfigurations = (
				803AFF40281068F7005C6FA6 /* Debug */,
				803AFF41281068F7005C6FA6 /* Release */,
			);
			defaultConfigurationIsVisible = 0;
			defaultConfigurationName = Release;
		};
		803AFF42281068F7005C6FA6 /* Build configuration list for PBXNativeTarget "ShaderEditor" */ = {
			isa = XCConfigurationList;
			buildConfigurations = (
				803AFF43281068F7005C6FA6 /* Debug */,
				803AFF44281068F7005C6FA6 /* Release */,
			);
			defaultConfigurationIsVisible = 0;
			defaultConfigurationName = Release;
		};
/* End XCConfigurationList section */
	};
	rootObject = 803AFF33281068F7005C6FA6 /* Project object */;
}
